// !$*UTF8*$!
{
	archiveVersion = 1;
	classes = {
	};
	objectVersion = 46;
	objects = {

/* Begin PBXAggregateTarget section */
		9C2FE12D6226493A89B86940 /* install */ = {
			isa = PBXAggregateTarget;
			buildConfigurationList = 9B23F01F1ABC4378AAC8E8AD /* Build configuration list for PBXAggregateTarget "install" */;
			buildPhases = (
				93426DA6A4AC2C2AC9CE883C /* CMake PostBuild Rules */,
			);
			dependencies = (
				8C12243E95E8467180AEC2BF /* PBXTargetDependency */,
			);
			name = install;
			productName = install;
		};
		CC999B7DD8894553A8463837 /* RUN_TESTS */ = {
			isa = PBXAggregateTarget;
			buildConfigurationList = AEDA412E77B74A5880113192 /* Build configuration list for PBXAggregateTarget "RUN_TESTS" */;
			buildPhases = (
				003C8D08B0008F35F218E126 /* CMake PostBuild Rules */,
			);
			dependencies = (
			);
			name = RUN_TESTS;
			productName = RUN_TESTS;
		};
		D5C5F59DA0D24BB697F70C76 /* ALL_BUILD */ = {
			isa = PBXAggregateTarget;
			buildConfigurationList = B0F92ACCAD5E42E88174BE04 /* Build configuration list for PBXAggregateTarget "ALL_BUILD" */;
			buildPhases = (
				87FB7BCCF128ED780034CC73 /* Generate CMakeFiles/ALL_BUILD */,
			);
			dependencies = (
				18B2261185ED416D936FFBB4 /* PBXTargetDependency */,
				4434526C87234C3F9DCCDB8A /* PBXTargetDependency */,
				37391FD5979B419C8ABAE737 /* PBXTargetDependency */,
				E58EAA928226422F8A30C1B7 /* PBXTargetDependency */,
				96BE66FBB3E846EE89B9DAF3 /* PBXTargetDependency */,
				8EAF0A0C238C46EE975B3DFF /* PBXTargetDependency */,
			);
			name = ALL_BUILD;
			productName = ALL_BUILD;
		};
		F98D9B492C154EF89F56E070 /* ZERO_CHECK */ = {
			isa = PBXAggregateTarget;
			buildConfigurationList = 4037682902F94E9AAFBBA20C /* Build configuration list for PBXAggregateTarget "ZERO_CHECK" */;
			buildPhases = (
				8EA8E9A50936D47AF8529A3E /* Generate CMakeFiles/ZERO_CHECK */,
			);
			dependencies = (
			);
			name = ZERO_CHECK;
			productName = ZERO_CHECK;
		};
/* End PBXAggregateTarget section */

/* Begin PBXBuildFile section */
		0394ABB19A5345D09728D211 /* ../ppsspp/ext/SPIRV-Cross/GLSL.std.450.h */ = {isa = PBXBuildFile; fileRef = 4F777980DC8E491A98001416 /* ../ppsspp/ext/SPIRV-Cross/GLSL.std.450.h */; };
		0674EE46778B43EDA88331E3 /* ../ppsspp/ext/SPIRV-Cross/spirv_msl.cpp */ = {isa = PBXBuildFile; fileRef = CE5C4A7FAD7046A7B76CD69F /* ../ppsspp/ext/SPIRV-Cross/spirv_msl.cpp */; };
		0D272809FE154AE3B31EFD6F /* ../ppsspp/ext/SPIRV-Cross/spirv_cross_parsed_ir.hpp */ = {isa = PBXBuildFile; fileRef = 29F81E5BBE1C4096B3754977 /* ../ppsspp/ext/SPIRV-Cross/spirv_cross_parsed_ir.hpp */; };
		148A8C914E1E47418616D40E /* ../cmake/ext/SPIRV-Cross-build/CMakeFiles/spirv-cross-cpp.dir/Info.plist */ = {isa = PBXBuildFile; fileRef = B2EC068F35D64C679B7DC523 /* ../cmake/ext/SPIRV-Cross-build/CMakeFiles/spirv-cross-cpp.dir/Info.plist */; };
		26DFB449FEBF434B88AE3F85 /* ../ppsspp/ext/SPIRV-Cross/spirv_hlsl.cpp */ = {isa = PBXBuildFile; fileRef = CF1D365F2C754B64A40BCD86 /* ../ppsspp/ext/SPIRV-Cross/spirv_hlsl.cpp */; };
		2B6D5A8CE2AC483BAFF1E6A9 /* ../ppsspp/ext/SPIRV-Cross/spirv_cross_parsed_ir.cpp */ = {isa = PBXBuildFile; fileRef = 847CC436F66C4128A9ACE4A8 /* ../ppsspp/ext/SPIRV-Cross/spirv_cross_parsed_ir.cpp */; };
		3A8D322893D340FCBECB69BA /* ../ppsspp/ext/SPIRV-Cross/spirv_cross_util.cpp */ = {isa = PBXBuildFile; fileRef = 8325922F5F3D4CED996B42EF /* ../ppsspp/ext/SPIRV-Cross/spirv_cross_util.cpp */; };
		4426581EB7E747839B2CCE93 /* ../ppsspp/ext/SPIRV-Cross/spirv_parser.cpp */ = {isa = PBXBuildFile; fileRef = 106AC2F985AC4314AF716466 /* ../ppsspp/ext/SPIRV-Cross/spirv_parser.cpp */; };
		480DC502B1FE4C94BB8BF04E /* ../ppsspp/ext/SPIRV-Cross/spirv_cpp.hpp */ = {isa = PBXBuildFile; fileRef = 29361F36B61544C1B9961A7B /* ../ppsspp/ext/SPIRV-Cross/spirv_cpp.hpp */; };
		4BCD84A57B9941C3A6DB39D3 /* ../ppsspp/ext/SPIRV-Cross/spirv_cfg.cpp */ = {isa = PBXBuildFile; fileRef = 46703F137CE74C5C8459616B /* ../ppsspp/ext/SPIRV-Cross/spirv_cfg.cpp */; };
		4D2356B9625540059397D6BA /* ../cmake/ext/SPIRV-Cross-build/CMakeFiles/spirv-cross-core.dir/Info.plist */ = {isa = PBXBuildFile; fileRef = 9DE99737C7B34C8490FC9CA1 /* ../cmake/ext/SPIRV-Cross-build/CMakeFiles/spirv-cross-core.dir/Info.plist */; };
		57397C8937204B5980A08726 /* ../ppsspp/ext/SPIRV-Cross-build/CMakeLists.txt */ = {isa = PBXBuildFile; fileRef = 323DD7CD13FC4C87B449BA21 /* ../ppsspp/ext/SPIRV-Cross-build/CMakeLists.txt */; };
		6672C6F56381477B88679ED9 /* ../ppsspp/ext/SPIRV-Cross/spirv_cross.hpp */ = {isa = PBXBuildFile; fileRef = D7BF60501F7A489796A8E972 /* ../ppsspp/ext/SPIRV-Cross/spirv_cross.hpp */; };
		6B84D2AD5EB0404597B333A8 /* ../ppsspp/ext/SPIRV-Cross-build/CMakeLists.txt */ = {isa = PBXBuildFile; fileRef = 3651B2C4834448C68B13EEC2 /* ../ppsspp/ext/SPIRV-Cross-build/CMakeLists.txt */; };
		8152750EA7A74EED9D08580D /* ../ppsspp/ext/SPIRV-Cross/spirv_msl.hpp */ = {isa = PBXBuildFile; fileRef = 6CF14B0C84B84F14A9B6A8F5 /* ../ppsspp/ext/SPIRV-Cross/spirv_msl.hpp */; };
		8942BBACB2DF42D69E88C3D1 /* ../ppsspp/ext/SPIRV-Cross/spirv_glsl.hpp */ = {isa = PBXBuildFile; fileRef = 6F54A32DD7B84BD0860C1543 /* ../ppsspp/ext/SPIRV-Cross/spirv_glsl.hpp */; };
		8BC526F1AD464AE0B1062573 /* ../cmake/ext/SPIRV-Cross-build/CMakeFiles/spirv-cross-glsl.dir/Info.plist */ = {isa = PBXBuildFile; fileRef = 8E67EBBA52DB472E9B588528 /* ../cmake/ext/SPIRV-Cross-build/CMakeFiles/spirv-cross-glsl.dir/Info.plist */; };
		97EC4AFDC48C4798928B6AB3 /* ../ppsspp/ext/SPIRV-Cross-build/CMakeLists.txt */ = {isa = PBXBuildFile; fileRef = 3E060359D43A43E19365F0DB /* ../ppsspp/ext/SPIRV-Cross-build/CMakeLists.txt */; };
		A405253ED82744D399B72AA2 /* ../ppsspp/ext/SPIRV-Cross/spirv_cross.cpp */ = {isa = PBXBuildFile; fileRef = 09ED6B41CF124324A49686DD /* ../ppsspp/ext/SPIRV-Cross/spirv_cross.cpp */; };
		ADDEAF8DEA1C4410960209A1 /* ../ppsspp/ext/SPIRV-Cross-build/CMakeLists.txt */ = {isa = PBXBuildFile; fileRef = 3F888D60A26D411D94B72174 /* ../ppsspp/ext/SPIRV-Cross-build/CMakeLists.txt */; };
		B01E05895E4E49FF81D4274D /* ../ppsspp/ext/SPIRV-Cross/spirv_parser.hpp */ = {isa = PBXBuildFile; fileRef = BAE87D8553274F0E878FCDE4 /* ../ppsspp/ext/SPIRV-Cross/spirv_parser.hpp */; };
		B02FD85B945A4321B95F7356 /* ../ppsspp/ext/SPIRV-Cross/spirv_common.hpp */ = {isa = PBXBuildFile; fileRef = AAAF33022427470DBAC3B0B0 /* ../ppsspp/ext/SPIRV-Cross/spirv_common.hpp */; };
		BD8441205CE145FFA351DC98 /* ../cmake/ext/SPIRV-Cross-build/CMakeFiles/spirv-cross-msl.dir/Info.plist */ = {isa = PBXBuildFile; fileRef = 2CA74881081649CD858B58F2 /* ../cmake/ext/SPIRV-Cross-build/CMakeFiles/spirv-cross-msl.dir/Info.plist */; };
		BE0096949A954BF2A7B94435 /* ../ppsspp/ext/SPIRV-Cross/spirv_cross_containers.hpp */ = {isa = PBXBuildFile; fileRef = CB1EB975BF2F4714A2700B46 /* ../ppsspp/ext/SPIRV-Cross/spirv_cross_containers.hpp */; };
		C9D4025154EC4BEC9E7FBACA /* ../ppsspp/ext/SPIRV-Cross-build/CMakeLists.txt */ = {isa = PBXBuildFile; fileRef = ED2ACAE567EA4F599E4C0241 /* ../ppsspp/ext/SPIRV-Cross-build/CMakeLists.txt */; };
		D8B7DEDE493F48EC81BE822F /* ../ppsspp/ext/SPIRV-Cross/spirv_cfg.hpp */ = {isa = PBXBuildFile; fileRef = 08A7D987E18B45AD97DB4E62 /* ../ppsspp/ext/SPIRV-Cross/spirv_cfg.hpp */; };
		DEB8928D828F4A24A5263B95 /* ../ppsspp/ext/SPIRV-Cross/spirv_cross_error_handling.hpp */ = {isa = PBXBuildFile; fileRef = 4E2193006F134A76A6DFFD25 /* ../ppsspp/ext/SPIRV-Cross/spirv_cross_error_handling.hpp */; };
		E0C79BA07F8A4AF09C715C30 /* ../ppsspp/ext/SPIRV-Cross/spirv.hpp */ = {isa = PBXBuildFile; fileRef = F4E523DC4E264F5F8BE4B055 /* ../ppsspp/ext/SPIRV-Cross/spirv.hpp */; };
		F284472B2B724E2CACBF8906 /* ../ppsspp/ext/SPIRV-Cross/spirv_hlsl.hpp */ = {isa = PBXBuildFile; fileRef = E073617768F94159878EF4C9 /* ../ppsspp/ext/SPIRV-Cross/spirv_hlsl.hpp */; };
		F450C93ED7074102B49BA865 /* ../ppsspp/ext/SPIRV-Cross/spirv_cpp.cpp */ = {isa = PBXBuildFile; fileRef = 9E210C676A0E476B874E633D /* ../ppsspp/ext/SPIRV-Cross/spirv_cpp.cpp */; };
		F99A387373754543AD9AC10A /* ../cmake/ext/SPIRV-Cross-build/CMakeFiles/spirv-cross-hlsl.dir/Info.plist */ = {isa = PBXBuildFile; fileRef = 86EC96AC7F69408D8A8EDC96 /* ../cmake/ext/SPIRV-Cross-build/CMakeFiles/spirv-cross-hlsl.dir/Info.plist */; };
		FDCD5E9832B548A4AE45058E /* ../ppsspp/ext/SPIRV-Cross/spirv_glsl.cpp */ = {isa = PBXBuildFile; fileRef = D93BE6F4AF6F41AAA9EB0DBB /* ../ppsspp/ext/SPIRV-Cross/spirv_glsl.cpp */; };
		FFBF959038B042CEA115D590 /* ../ppsspp/ext/SPIRV-Cross/spirv_cross_util.hpp */ = {isa = PBXBuildFile; fileRef = F08DD492FF4348118CE2B8C0 /* ../ppsspp/ext/SPIRV-Cross/spirv_cross_util.hpp */; };
/* End PBXBuildFile section */

/* Begin PBXBuildStyle section */
		03B15389C0C94F11B3C75BBC /* Release */ = {
			isa = PBXBuildStyle;
			buildSettings = {
				COPY_PHASE_STRIP = NO;
			};
			name = Release;
		};
		548D42F071504ED7A22F6FEE /* Debug */ = {
			isa = PBXBuildStyle;
			buildSettings = {
				COPY_PHASE_STRIP = NO;
			};
			name = Debug;
		};
		983D6DB439154EFE8C2A9DB0 /* RelWithDebInfo */ = {
			isa = PBXBuildStyle;
			buildSettings = {
				COPY_PHASE_STRIP = NO;
			};
			name = RelWithDebInfo;
		};
		ACB9565AD6194E469C61355E /* MinSizeRel */ = {
			isa = PBXBuildStyle;
			buildSettings = {
				COPY_PHASE_STRIP = NO;
			};
			name = MinSizeRel;
		};
/* End PBXBuildStyle section */

/* Begin PBXContainerItemProxy section */
		0E3A9A4365124A629AEFA710 /* PBXContainerItemProxy */ = {
			isa = PBXContainerItemProxy;
			containerPortal = 3CC728C16D58436E9D2AE11C /* Project object */;
			proxyType = 1;
			remoteGlobalIDString = BDDE12001F104E6487AE4EBA;
			remoteInfo = "spirv-cross-hlsl";
		};
		2EA1820D671D47BF86C0F46C /* PBXContainerItemProxy */ = {
			isa = PBXContainerItemProxy;
			containerPortal = 3CC728C16D58436E9D2AE11C /* Project object */;
			proxyType = 1;
			remoteGlobalIDString = 271CF7DF5B3B402B873047D9;
			remoteInfo = "spirv-cross-core";
		};
		32EE16410C3F4146B9A67CD4 /* PBXContainerItemProxy */ = {
			isa = PBXContainerItemProxy;
			containerPortal = 3CC728C16D58436E9D2AE11C /* Project object */;
			proxyType = 1;
			remoteGlobalIDString = F98D9B492C154EF89F56E070;
			remoteInfo = ZERO_CHECK;
		};
		37E158338EE84ACEA82C7811 /* PBXContainerItemProxy */ = {
			isa = PBXContainerItemProxy;
			containerPortal = 3CC728C16D58436E9D2AE11C /* Project object */;
			proxyType = 1;
			remoteGlobalIDString = F98D9B492C154EF89F56E070;
			remoteInfo = ZERO_CHECK;
		};
		3D94594F9B8E42AE86B3E01D /* PBXContainerItemProxy */ = {
			isa = PBXContainerItemProxy;
			containerPortal = 3CC728C16D58436E9D2AE11C /* Project object */;
			proxyType = 1;
			remoteGlobalIDString = C2D9AC6A949E46078ED42D9C;
			remoteInfo = "spirv-cross-glsl";
		};
		4C9DCD4B9E7646C69B5ED78F /* PBXContainerItemProxy */ = {
			isa = PBXContainerItemProxy;
			containerPortal = 3CC728C16D58436E9D2AE11C /* Project object */;
			proxyType = 1;
			remoteGlobalIDString = 271CF7DF5B3B402B873047D9;
			remoteInfo = "spirv-cross-core";
		};
		5D78270801F7448785A394D8 /* PBXContainerItemProxy */ = {
			isa = PBXContainerItemProxy;
			containerPortal = 3CC728C16D58436E9D2AE11C /* Project object */;
			proxyType = 1;
			remoteGlobalIDString = F98D9B492C154EF89F56E070;
			remoteInfo = ZERO_CHECK;
		};
		69EA0E0FD0B14290AC6BA62D /* PBXContainerItemProxy */ = {
			isa = PBXContainerItemProxy;
			containerPortal = 3CC728C16D58436E9D2AE11C /* Project object */;
			proxyType = 1;
			remoteGlobalIDString = C2D9AC6A949E46078ED42D9C;
			remoteInfo = "spirv-cross-glsl";
		};
		75E864E2FDA146A092EE3AAA /* PBXContainerItemProxy */ = {
			isa = PBXContainerItemProxy;
			containerPortal = 3CC728C16D58436E9D2AE11C /* Project object */;
			proxyType = 1;
			remoteGlobalIDString = F98D9B492C154EF89F56E070;
			remoteInfo = ZERO_CHECK;
		};
		8A6E27A520D34FEDABEC323B /* PBXContainerItemProxy */ = {
			isa = PBXContainerItemProxy;
			containerPortal = 3CC728C16D58436E9D2AE11C /* Project object */;
			proxyType = 1;
			remoteGlobalIDString = F98D9B492C154EF89F56E070;
			remoteInfo = ZERO_CHECK;
		};
		8F395C139D2947E080DD2F9C /* PBXContainerItemProxy */ = {
			isa = PBXContainerItemProxy;
			containerPortal = 3CC728C16D58436E9D2AE11C /* Project object */;
			proxyType = 1;
			remoteGlobalIDString = 271CF7DF5B3B402B873047D9;
			remoteInfo = "spirv-cross-core";
		};
		9F10D3FC88BE4E19B4E04590 /* PBXContainerItemProxy */ = {
			isa = PBXContainerItemProxy;
			containerPortal = 3CC728C16D58436E9D2AE11C /* Project object */;
			proxyType = 1;
			remoteGlobalIDString = 7630E4A548634CCEAB05ED4C;
			remoteInfo = "spirv-cross-cpp";
		};
		AA12A6AACFB44840AE93BBC1 /* PBXContainerItemProxy */ = {
			isa = PBXContainerItemProxy;
			containerPortal = 3CC728C16D58436E9D2AE11C /* Project object */;
			proxyType = 1;
			remoteGlobalIDString = F98D9B492C154EF89F56E070;
			remoteInfo = ZERO_CHECK;
		};
		BD71E6655C464253ABA03780 /* PBXContainerItemProxy */ = {
			isa = PBXContainerItemProxy;
			containerPortal = 3CC728C16D58436E9D2AE11C /* Project object */;
			proxyType = 1;
			remoteGlobalIDString = D5C5F59DA0D24BB697F70C76;
			remoteInfo = ALL_BUILD;
		};
		C35EC915ADA1408EA2C53D9F /* PBXContainerItemProxy */ = {
			isa = PBXContainerItemProxy;
			containerPortal = 3CC728C16D58436E9D2AE11C /* Project object */;
			proxyType = 1;
			remoteGlobalIDString = 3953A91AF4CC4ED1911EB33B;
			remoteInfo = "spirv-cross-msl";
		};
		DAAF4BC42C164F0595D6E82B /* PBXContainerItemProxy */ = {
			isa = PBXContainerItemProxy;
			containerPortal = 3CC728C16D58436E9D2AE11C /* Project object */;
			proxyType = 1;
			remoteGlobalIDString = 271CF7DF5B3B402B873047D9;
			remoteInfo = "spirv-cross-core";
		};
		DC71D6472CB244A2914AA69D /* PBXContainerItemProxy */ = {
			isa = PBXContainerItemProxy;
			containerPortal = 3CC728C16D58436E9D2AE11C /* Project object */;
			proxyType = 1;
			remoteGlobalIDString = C2D9AC6A949E46078ED42D9C;
			remoteInfo = "spirv-cross-glsl";
		};
		E6840AECFF4240D5A8D9EB7E /* PBXContainerItemProxy */ = {
			isa = PBXContainerItemProxy;
			containerPortal = 3CC728C16D58436E9D2AE11C /* Project object */;
			proxyType = 1;
			remoteGlobalIDString = 271CF7DF5B3B402B873047D9;
			remoteInfo = "spirv-cross-core";
		};
		F123264C4F21401CBA80F6AD /* PBXContainerItemProxy */ = {
			isa = PBXContainerItemProxy;
			containerPortal = 3CC728C16D58436E9D2AE11C /* Project object */;
			proxyType = 1;
			remoteGlobalIDString = C2D9AC6A949E46078ED42D9C;
			remoteInfo = "spirv-cross-glsl";
		};
/* End PBXContainerItemProxy section */

/* Begin PBXFileReference section */
		08A7D987E18B45AD97DB4E62 /* ../ppsspp/ext/SPIRV-Cross/spirv_cfg.hpp */ = {isa = PBXFileReference; explicitFileType = sourcecode.cpp.h; fileEncoding = 4; name = spirv_cfg.hpp; path = "../ppsspp/ext/SPIRV-Cross/spirv_cfg.hpp"; sourceTree = "<absolute>"; };
		09ED6B41CF124324A49686DD /* ../ppsspp/ext/SPIRV-Cross/spirv_cross.cpp */ = {isa = PBXFileReference; explicitFileType = sourcecode.cpp.cpp; fileEncoding = 4; name = spirv_cross.cpp; path = "../ppsspp/ext/SPIRV-Cross/spirv_cross.cpp"; sourceTree = "<absolute>"; };
		106AC2F985AC4314AF716466 /* ../ppsspp/ext/SPIRV-Cross/spirv_parser.cpp */ = {isa = PBXFileReference; explicitFileType = sourcecode.cpp.cpp; fileEncoding = 4; name = spirv_parser.cpp; path = "../ppsspp/ext/SPIRV-Cross/spirv_parser.cpp"; sourceTree = "<absolute>"; };
		29361F36B61544C1B9961A7B /* ../ppsspp/ext/SPIRV-Cross/spirv_cpp.hpp */ = {isa = PBXFileReference; explicitFileType = sourcecode.cpp.h; fileEncoding = 4; name = spirv_cpp.hpp; path = "../ppsspp/ext/SPIRV-Cross/spirv_cpp.hpp"; sourceTree = "<absolute>"; };
		29F81E5BBE1C4096B3754977 /* ../ppsspp/ext/SPIRV-Cross/spirv_cross_parsed_ir.hpp */ = {isa = PBXFileReference; explicitFileType = sourcecode.cpp.h; fileEncoding = 4; name = spirv_cross_parsed_ir.hpp; path = "../ppsspp/ext/SPIRV-Cross/spirv_cross_parsed_ir.hpp"; sourceTree = "<absolute>"; };
		2CA74881081649CD858B58F2 /* ../cmake/ext/SPIRV-Cross-build/CMakeFiles/spirv-cross-msl.dir/Info.plist */ = {isa = PBXFileReference; explicitFileType = sourcecode.text.plist; fileEncoding = 4; name = Info.plist; path = "../cmake/ext/SPIRV-Cross-build/CMakeFiles/spirv-cross-msl.dir/Info.plist"; sourceTree = "<absolute>"; };
		323DD7CD13FC4C87B449BA21 /* ../ppsspp/ext/SPIRV-Cross-build/CMakeLists.txt */ = {isa = PBXFileReference; explicitFileType = sourcecode.text; fileEncoding = 4; name = CMakeLists.txt; path = CMakeLists.txt; sourceTree = SOURCE_ROOT; };
		3651B2C4834448C68B13EEC2 /* ../ppsspp/ext/SPIRV-Cross-build/CMakeLists.txt */ = {isa = PBXFileReference; explicitFileType = sourcecode.text; fileEncoding = 4; name = CMakeLists.txt; path = CMakeLists.txt; sourceTree = SOURCE_ROOT; };
		3E060359D43A43E19365F0DB /* ../ppsspp/ext/SPIRV-Cross-build/CMakeLists.txt */ = {isa = PBXFileReference; explicitFileType = sourcecode.text; fileEncoding = 4; name = CMakeLists.txt; path = CMakeLists.txt; sourceTree = SOURCE_ROOT; };
		3F888D60A26D411D94B72174 /* ../ppsspp/ext/SPIRV-Cross-build/CMakeLists.txt */ = {isa = PBXFileReference; explicitFileType = sourcecode.text; fileEncoding = 4; name = CMakeLists.txt; path = CMakeLists.txt; sourceTree = SOURCE_ROOT; };
		46703F137CE74C5C8459616B /* ../ppsspp/ext/SPIRV-Cross/spirv_cfg.cpp */ = {isa = PBXFileReference; explicitFileType = sourcecode.cpp.cpp; fileEncoding = 4; name = spirv_cfg.cpp; path = "../ppsspp/ext/SPIRV-Cross/spirv_cfg.cpp"; sourceTree = "<absolute>"; };
		4E2193006F134A76A6DFFD25 /* ../ppsspp/ext/SPIRV-Cross/spirv_cross_error_handling.hpp */ = {isa = PBXFileReference; explicitFileType = sourcecode.cpp.h; fileEncoding = 4; name = spirv_cross_error_handling.hpp; path = "../ppsspp/ext/SPIRV-Cross/spirv_cross_error_handling.hpp"; sourceTree = "<absolute>"; };
		4F777980DC8E491A98001416 /* ../ppsspp/ext/SPIRV-Cross/GLSL.std.450.h */ = {isa = PBXFileReference; explicitFileType = sourcecode.c.h; fileEncoding = 4; name = GLSL.std.450.h; path = "../ppsspp/ext/SPIRV-Cross/GLSL.std.450.h"; sourceTree = "<absolute>"; };
		6CF14B0C84B84F14A9B6A8F5 /* ../ppsspp/ext/SPIRV-Cross/spirv_msl.hpp */ = {isa = PBXFileReference; explicitFileType = sourcecode.cpp.h; fileEncoding = 4; name = spirv_msl.hpp; path = "../ppsspp/ext/SPIRV-Cross/spirv_msl.hpp"; sourceTree = "<absolute>"; };
		6F54A32DD7B84BD0860C1543 /* ../ppsspp/ext/SPIRV-Cross/spirv_glsl.hpp */ = {isa = PBXFileReference; explicitFileType = sourcecode.cpp.h; fileEncoding = 4; name = spirv_glsl.hpp; path = "../ppsspp/ext/SPIRV-Cross/spirv_glsl.hpp"; sourceTree = "<absolute>"; };
		8325922F5F3D4CED996B42EF /* ../ppsspp/ext/SPIRV-Cross/spirv_cross_util.cpp */ = {isa = PBXFileReference; explicitFileType = sourcecode.cpp.cpp; fileEncoding = 4; name = spirv_cross_util.cpp; path = "../ppsspp/ext/SPIRV-Cross/spirv_cross_util.cpp"; sourceTree = "<absolute>"; };
		847CC436F66C4128A9ACE4A8 /* ../ppsspp/ext/SPIRV-Cross/spirv_cross_parsed_ir.cpp */ = {isa = PBXFileReference; explicitFileType = sourcecode.cpp.cpp; fileEncoding = 4; name = spirv_cross_parsed_ir.cpp; path = "../ppsspp/ext/SPIRV-Cross/spirv_cross_parsed_ir.cpp"; sourceTree = "<absolute>"; };
		867AF9FBB79E4D88BBC03573 /* ../ppsspp/ext/SPIRV-Cross-build/CMakeLists.txt */ = {isa = PBXFileReference; explicitFileType = sourcecode.text; fileEncoding = 4; name = CMakeLists.txt; path = CMakeLists.txt; sourceTree = SOURCE_ROOT; };
		86EC96AC7F69408D8A8EDC96 /* ../cmake/ext/SPIRV-Cross-build/CMakeFiles/spirv-cross-hlsl.dir/Info.plist */ = {isa = PBXFileReference; explicitFileType = sourcecode.text.plist; fileEncoding = 4; name = Info.plist; path = "../cmake/ext/SPIRV-Cross-build/CMakeFiles/spirv-cross-hlsl.dir/Info.plist"; sourceTree = "<absolute>"; };
		8DD3D7828D494D009709F3B1 /* spirv-cross-msl */ = {isa = PBXFileReference; explicitFileType = archive.ar; path = "libspirv-cross-msl.a"; sourceTree = BUILT_PRODUCTS_DIR; };
		8E67EBBA52DB472E9B588528 /* ../cmake/ext/SPIRV-Cross-build/CMakeFiles/spirv-cross-glsl.dir/Info.plist */ = {isa = PBXFileReference; explicitFileType = sourcecode.text.plist; fileEncoding = 4; name = Info.plist; path = "../cmake/ext/SPIRV-Cross-build/CMakeFiles/spirv-cross-glsl.dir/Info.plist"; sourceTree = "<absolute>"; };
		9DE99737C7B34C8490FC9CA1 /* ../cmake/ext/SPIRV-Cross-build/CMakeFiles/spirv-cross-core.dir/Info.plist */ = {isa = PBXFileReference; explicitFileType = sourcecode.text.plist; fileEncoding = 4; name = Info.plist; path = "../cmake/ext/SPIRV-Cross-build/CMakeFiles/spirv-cross-core.dir/Info.plist"; sourceTree = "<absolute>"; };
		9E210C676A0E476B874E633D /* ../ppsspp/ext/SPIRV-Cross/spirv_cpp.cpp */ = {isa = PBXFileReference; explicitFileType = sourcecode.cpp.cpp; fileEncoding = 4; name = spirv_cpp.cpp; path = "../ppsspp/ext/SPIRV-Cross/spirv_cpp.cpp"; sourceTree = "<absolute>"; };
		A91BA1C4234D4F41923CB61B /* spirv-cross-hlsl */ = {isa = PBXFileReference; explicitFileType = archive.ar; path = "libspirv-cross-hlsl.a"; sourceTree = BUILT_PRODUCTS_DIR; };
		AAAF33022427470DBAC3B0B0 /* ../ppsspp/ext/SPIRV-Cross/spirv_common.hpp */ = {isa = PBXFileReference; explicitFileType = sourcecode.cpp.h; fileEncoding = 4; name = spirv_common.hpp; path = "../ppsspp/ext/SPIRV-Cross/spirv_common.hpp"; sourceTree = "<absolute>"; };
		B2EC068F35D64C679B7DC523 /* ../cmake/ext/SPIRV-Cross-build/CMakeFiles/spirv-cross-cpp.dir/Info.plist */ = {isa = PBXFileReference; explicitFileType = sourcecode.text.plist; fileEncoding = 4; name = Info.plist; path = "../cmake/ext/SPIRV-Cross-build/CMakeFiles/spirv-cross-cpp.dir/Info.plist"; sourceTree = "<absolute>"; };
		B301B4182F954F0DA0389C5B /* spirv-cross-core */ = {isa = PBXFileReference; explicitFileType = archive.ar; path = "libspirv-cross-core.a"; sourceTree = BUILT_PRODUCTS_DIR; };
		BAE87D8553274F0E878FCDE4 /* ../ppsspp/ext/SPIRV-Cross/spirv_parser.hpp */ = {isa = PBXFileReference; explicitFileType = sourcecode.cpp.h; fileEncoding = 4; name = spirv_parser.hpp; path = "../ppsspp/ext/SPIRV-Cross/spirv_parser.hpp"; sourceTree = "<absolute>"; };
		C0647B97A6AD44A78D5539B8 /* spirv-cross-cpp */ = {isa = PBXFileReference; explicitFileType = archive.ar; path = "libspirv-cross-cpp.a"; sourceTree = BUILT_PRODUCTS_DIR; };
		CB1EB975BF2F4714A2700B46 /* ../ppsspp/ext/SPIRV-Cross/spirv_cross_containers.hpp */ = {isa = PBXFileReference; explicitFileType = sourcecode.cpp.h; fileEncoding = 4; name = spirv_cross_containers.hpp; path = "../ppsspp/ext/SPIRV-Cross/spirv_cross_containers.hpp"; sourceTree = "<absolute>"; };
		CE5C4A7FAD7046A7B76CD69F /* ../ppsspp/ext/SPIRV-Cross/spirv_msl.cpp */ = {isa = PBXFileReference; explicitFileType = sourcecode.cpp.cpp; fileEncoding = 4; name = spirv_msl.cpp; path = "../ppsspp/ext/SPIRV-Cross/spirv_msl.cpp"; sourceTree = "<absolute>"; };
		CF1D365F2C754B64A40BCD86 /* ../ppsspp/ext/SPIRV-Cross/spirv_hlsl.cpp */ = {isa = PBXFileReference; explicitFileType = sourcecode.cpp.cpp; fileEncoding = 4; name = spirv_hlsl.cpp; path = "../ppsspp/ext/SPIRV-Cross/spirv_hlsl.cpp"; sourceTree = "<absolute>"; };
		D7BF60501F7A489796A8E972 /* ../ppsspp/ext/SPIRV-Cross/spirv_cross.hpp */ = {isa = PBXFileReference; explicitFileType = sourcecode.cpp.h; fileEncoding = 4; name = spirv_cross.hpp; path = "../ppsspp/ext/SPIRV-Cross/spirv_cross.hpp"; sourceTree = "<absolute>"; };
		D93BE6F4AF6F41AAA9EB0DBB /* ../ppsspp/ext/SPIRV-Cross/spirv_glsl.cpp */ = {isa = PBXFileReference; explicitFileType = sourcecode.cpp.cpp; fileEncoding = 4; name = spirv_glsl.cpp; path = "../ppsspp/ext/SPIRV-Cross/spirv_glsl.cpp"; sourceTree = "<absolute>"; };
		DAACCA42415C4D05B3D2C433 /* spirv-cross-glsl */ = {isa = PBXFileReference; explicitFileType = archive.ar; path = "libspirv-cross-glsl.a"; sourceTree = BUILT_PRODUCTS_DIR; };
		E073617768F94159878EF4C9 /* ../ppsspp/ext/SPIRV-Cross/spirv_hlsl.hpp */ = {isa = PBXFileReference; explicitFileType = sourcecode.cpp.h; fileEncoding = 4; name = spirv_hlsl.hpp; path = "../ppsspp/ext/SPIRV-Cross/spirv_hlsl.hpp"; sourceTree = "<absolute>"; };
		ED2ACAE567EA4F599E4C0241 /* ../ppsspp/ext/SPIRV-Cross-build/CMakeLists.txt */ = {isa = PBXFileReference; explicitFileType = sourcecode.text; fileEncoding = 4; name = CMakeLists.txt; path = CMakeLists.txt; sourceTree = SOURCE_ROOT; };
		F08DD492FF4348118CE2B8C0 /* ../ppsspp/ext/SPIRV-Cross/spirv_cross_util.hpp */ = {isa = PBXFileReference; explicitFileType = sourcecode.cpp.h; fileEncoding = 4; name = spirv_cross_util.hpp; path = "../ppsspp/ext/SPIRV-Cross/spirv_cross_util.hpp"; sourceTree = "<absolute>"; };
		F4E523DC4E264F5F8BE4B055 /* ../ppsspp/ext/SPIRV-Cross/spirv.hpp */ = {isa = PBXFileReference; explicitFileType = sourcecode.cpp.h; fileEncoding = 4; name = spirv.hpp; path = "../ppsspp/ext/SPIRV-Cross/spirv.hpp"; sourceTree = "<absolute>"; };
/* End PBXFileReference section */

/* Begin PBXFrameworksBuildPhase section */
		0E23A5CA945D41E095AB2EE5 /* Frameworks */ = {
			isa = PBXFrameworksBuildPhase;
			buildActionMask = 2147483647;
			files = (
			);
			runOnlyForDeploymentPostprocessing = 0;
		};
		76825530E4FB4663816731B0 /* Frameworks */ = {
			isa = PBXFrameworksBuildPhase;
			buildActionMask = 2147483647;
			files = (
			);
			runOnlyForDeploymentPostprocessing = 0;
		};
		79C265ADC1E544D28ADC1A78 /* Frameworks */ = {
			isa = PBXFrameworksBuildPhase;
			buildActionMask = 2147483647;
			files = (
			);
			runOnlyForDeploymentPostprocessing = 0;
		};
		C42C59DB686E4A0BB0F1E992 /* Frameworks */ = {
			isa = PBXFrameworksBuildPhase;
			buildActionMask = 2147483647;
			files = (
			);
			runOnlyForDeploymentPostprocessing = 0;
		};
		D7E6F9B3E3E84F0E87FC4EA0 /* Frameworks */ = {
			isa = PBXFrameworksBuildPhase;
			buildActionMask = 2147483647;
			files = (
			);
			runOnlyForDeploymentPostprocessing = 0;
		};
/* End PBXFrameworksBuildPhase section */

/* Begin PBXGroup section */
		073C236300304D5DAB1B0757 /* Source Files */ = {
			isa = PBXGroup;
			children = (
				46703F137CE74C5C8459616B /* ../ppsspp/ext/SPIRV-Cross/spirv_cfg.cpp */,
				09ED6B41CF124324A49686DD /* ../ppsspp/ext/SPIRV-Cross/spirv_cross.cpp */,
				847CC436F66C4128A9ACE4A8 /* ../ppsspp/ext/SPIRV-Cross/spirv_cross_parsed_ir.cpp */,
				8325922F5F3D4CED996B42EF /* ../ppsspp/ext/SPIRV-Cross/spirv_cross_util.cpp */,
				106AC2F985AC4314AF716466 /* ../ppsspp/ext/SPIRV-Cross/spirv_parser.cpp */,
			);
			name = "Source Files";
			sourceTree = "<group>";
		};
		1171E124BDE94E2DBCCDF70D /* Header Files */ = {
			isa = PBXGroup;
			children = (
				29361F36B61544C1B9961A7B /* ../ppsspp/ext/SPIRV-Cross/spirv_cpp.hpp */,
			);
			name = "Header Files";
			sourceTree = "<group>";
		};
		1FCA9B8568BA429797F11D3B /* spirv-cross-glsl */ = {
			isa = PBXGroup;
			children = (
				B3AF6836F3AD4813B0566846 /* Source Files */,
				3B6BEDF3216F4C7B8E73F0F8 /* Header Files */,
				9E31BCC49FAC4EF8A6C1EAD0 /* Resources */,
				323DD7CD13FC4C87B449BA21 /* ../ppsspp/ext/SPIRV-Cross-build/CMakeLists.txt */,
			);
			name = "spirv-cross-glsl";
			sourceTree = "<group>";
		};
		3954E7DF0AD34159BD43DFA6 /* Resources */ = {
			isa = PBXGroup;
			children = (
				9DE99737C7B34C8490FC9CA1 /* ../cmake/ext/SPIRV-Cross-build/CMakeFiles/spirv-cross-core.dir/Info.plist */,
			);
			name = Resources;
			sourceTree = "<group>";
		};
		3B6BEDF3216F4C7B8E73F0F8 /* Header Files */ = {
			isa = PBXGroup;
			children = (
				6F54A32DD7B84BD0860C1543 /* ../ppsspp/ext/SPIRV-Cross/spirv_glsl.hpp */,
			);
			name = "Header Files";
			sourceTree = "<group>";
		};
		3D1EE9E2D8364C059EB21E33 /* CMake Rules */ = {
			isa = PBXGroup;
			children = (
			);
			name = "CMake Rules";
			sourceTree = "<group>";
		};
		6001561A2272482890D5F817 /* Source Files */ = {
			isa = PBXGroup;
			children = (
				9E210C676A0E476B874E633D /* ../ppsspp/ext/SPIRV-Cross/spirv_cpp.cpp */,
			);
			name = "Source Files";
			sourceTree = "<group>";
		};
		634A97ABF5944D5494EAA3FD /* Header Files */ = {
			isa = PBXGroup;
			children = (
				4F777980DC8E491A98001416 /* ../ppsspp/ext/SPIRV-Cross/GLSL.std.450.h */,
				F4E523DC4E264F5F8BE4B055 /* ../ppsspp/ext/SPIRV-Cross/spirv.hpp */,
				08A7D987E18B45AD97DB4E62 /* ../ppsspp/ext/SPIRV-Cross/spirv_cfg.hpp */,
				AAAF33022427470DBAC3B0B0 /* ../ppsspp/ext/SPIRV-Cross/spirv_common.hpp */,
				D7BF60501F7A489796A8E972 /* ../ppsspp/ext/SPIRV-Cross/spirv_cross.hpp */,
				CB1EB975BF2F4714A2700B46 /* ../ppsspp/ext/SPIRV-Cross/spirv_cross_containers.hpp */,
				4E2193006F134A76A6DFFD25 /* ../ppsspp/ext/SPIRV-Cross/spirv_cross_error_handling.hpp */,
				29F81E5BBE1C4096B3754977 /* ../ppsspp/ext/SPIRV-Cross/spirv_cross_parsed_ir.hpp */,
				F08DD492FF4348118CE2B8C0 /* ../ppsspp/ext/SPIRV-Cross/spirv_cross_util.hpp */,
				BAE87D8553274F0E878FCDE4 /* ../ppsspp/ext/SPIRV-Cross/spirv_parser.hpp */,
			);
			name = "Header Files";
			sourceTree = "<group>";
		};
		742D67D05C0C4119BDF49C25 /* Header Files */ = {
			isa = PBXGroup;
			children = (
				E073617768F94159878EF4C9 /* ../ppsspp/ext/SPIRV-Cross/spirv_hlsl.hpp */,
			);
			name = "Header Files";
			sourceTree = "<group>";
		};
		7C0F30C13C344DEDA2D1C484 /* Source Files */ = {
			isa = PBXGroup;
			children = (
				CE5C4A7FAD7046A7B76CD69F /* ../ppsspp/ext/SPIRV-Cross/spirv_msl.cpp */,
			);
			name = "Source Files";
			sourceTree = "<group>";
		};
		84C9EFCB453F4F80A6349FF2 /* spirv-cross-hlsl */ = {
			isa = PBXGroup;
			children = (
				742D67D05C0C4119BDF49C25 /* Header Files */,
				BDC09E6BDD1A4B35891C95DA /* Source Files */,
				964BF76C6EBC4EFDB4D0FB72 /* Resources */,
				3F888D60A26D411D94B72174 /* ../ppsspp/ext/SPIRV-Cross-build/CMakeLists.txt */,
			);
			name = "spirv-cross-hlsl";
			sourceTree = "<group>";
		};
		8C2148A9A30A4FE79B9D83C2 /* Resources */ = {
			isa = PBXGroup;
			children = (
				2CA74881081649CD858B58F2 /* ../cmake/ext/SPIRV-Cross-build/CMakeFiles/spirv-cross-msl.dir/Info.plist */,
			);
			name = Resources;
			sourceTree = "<group>";
		};
		964BF76C6EBC4EFDB4D0FB72 /* Resources */ = {
			isa = PBXGroup;
			children = (
				86EC96AC7F69408D8A8EDC96 /* ../cmake/ext/SPIRV-Cross-build/CMakeFiles/spirv-cross-hlsl.dir/Info.plist */,
			);
			name = Resources;
			sourceTree = "<group>";
		};
		9D0352A73C32423491FF8037 = {
			isa = PBXGroup;
			children = (
				A4EB7D2215034B0E9F401AE4 /* spirv-cross-core */,
				1FCA9B8568BA429797F11D3B /* spirv-cross-glsl */,
				D6C3C1BFE3B6436E88E46432 /* spirv-cross-cpp */,
				E4342858AC7A45B2AC033FEE /* spirv-cross-msl */,
				84C9EFCB453F4F80A6349FF2 /* spirv-cross-hlsl */,
				DD19AA206F5B44CC94329C15 /* ALL_BUILD */,
				9FD6088905F442268BB22B64 /* Products */,
				B25E3168C57A4BB8B262D7FF /* Frameworks */,
			);
			sourceTree = "<group>";
		};
		9E31BCC49FAC4EF8A6C1EAD0 /* Resources */ = {
			isa = PBXGroup;
			children = (
				8E67EBBA52DB472E9B588528 /* ../cmake/ext/SPIRV-Cross-build/CMakeFiles/spirv-cross-glsl.dir/Info.plist */,
			);
			name = Resources;
			sourceTree = "<group>";
		};
		9FD6088905F442268BB22B64 /* Products */ = {
			isa = PBXGroup;
			children = (
				B301B4182F954F0DA0389C5B /* spirv-cross-core */,
				C0647B97A6AD44A78D5539B8 /* spirv-cross-cpp */,
				DAACCA42415C4D05B3D2C433 /* spirv-cross-glsl */,
				A91BA1C4234D4F41923CB61B /* spirv-cross-hlsl */,
				8DD3D7828D494D009709F3B1 /* spirv-cross-msl */,
			);
			name = Products;
			sourceTree = "<group>";
		};
		A4EB7D2215034B0E9F401AE4 /* spirv-cross-core */ = {
			isa = PBXGroup;
			children = (
				634A97ABF5944D5494EAA3FD /* Header Files */,
				073C236300304D5DAB1B0757 /* Source Files */,
				3954E7DF0AD34159BD43DFA6 /* Resources */,
				3E060359D43A43E19365F0DB /* ../ppsspp/ext/SPIRV-Cross-build/CMakeLists.txt */,
			);
			name = "spirv-cross-core";
			sourceTree = "<group>";
		};
		AE6E5116E68B42A5A8FD0980 /* Header Files */ = {
			isa = PBXGroup;
			children = (
				6CF14B0C84B84F14A9B6A8F5 /* ../ppsspp/ext/SPIRV-Cross/spirv_msl.hpp */,
			);
			name = "Header Files";
			sourceTree = "<group>";
		};
		B25E3168C57A4BB8B262D7FF /* Frameworks */ = {
			isa = PBXGroup;
			children = (
			);
			name = Frameworks;
			sourceTree = "<group>";
		};
		B3AF6836F3AD4813B0566846 /* Source Files */ = {
			isa = PBXGroup;
			children = (
				D93BE6F4AF6F41AAA9EB0DBB /* ../ppsspp/ext/SPIRV-Cross/spirv_glsl.cpp */,
			);
			name = "Source Files";
			sourceTree = "<group>";
		};
		BDC09E6BDD1A4B35891C95DA /* Source Files */ = {
			isa = PBXGroup;
			children = (
				CF1D365F2C754B64A40BCD86 /* ../ppsspp/ext/SPIRV-Cross/spirv_hlsl.cpp */,
			);
			name = "Source Files";
			sourceTree = "<group>";
		};
		D6C3C1BFE3B6436E88E46432 /* spirv-cross-cpp */ = {
			isa = PBXGroup;
			children = (
				1171E124BDE94E2DBCCDF70D /* Header Files */,
				6001561A2272482890D5F817 /* Source Files */,
				D9B8903CB20B487DB7DC4286 /* Resources */,
				3651B2C4834448C68B13EEC2 /* ../ppsspp/ext/SPIRV-Cross-build/CMakeLists.txt */,
			);
			name = "spirv-cross-cpp";
			sourceTree = "<group>";
		};
		D9B8903CB20B487DB7DC4286 /* Resources */ = {
			isa = PBXGroup;
			children = (
				B2EC068F35D64C679B7DC523 /* ../cmake/ext/SPIRV-Cross-build/CMakeFiles/spirv-cross-cpp.dir/Info.plist */,
			);
			name = Resources;
			sourceTree = "<group>";
		};
		DD19AA206F5B44CC94329C15 /* ALL_BUILD */ = {
			isa = PBXGroup;
			children = (
				3D1EE9E2D8364C059EB21E33 /* CMake Rules */,
				867AF9FBB79E4D88BBC03573 /* ../ppsspp/ext/SPIRV-Cross-build/CMakeLists.txt */,
			);
			name = ALL_BUILD;
			sourceTree = "<group>";
		};
		E4342858AC7A45B2AC033FEE /* spirv-cross-msl */ = {
			isa = PBXGroup;
			children = (
				AE6E5116E68B42A5A8FD0980 /* Header Files */,
				7C0F30C13C344DEDA2D1C484 /* Source Files */,
				8C2148A9A30A4FE79B9D83C2 /* Resources */,
				ED2ACAE567EA4F599E4C0241 /* ../ppsspp/ext/SPIRV-Cross-build/CMakeLists.txt */,
			);
			name = "spirv-cross-msl";
			sourceTree = "<group>";
		};
/* End PBXGroup section */

/* Begin PBXNativeTarget section */
		271CF7DF5B3B402B873047D9 /* spirv-cross-core */ = {
			isa = PBXNativeTarget;
			buildConfigurationList = AEA44FD3308541D39F70EBA0 /* Build configuration list for PBXNativeTarget "spirv-cross-core" */;
			buildPhases = (
				45484C76ABDC4264B8283A05 /* Sources */,
				C42C59DB686E4A0BB0F1E992 /* Frameworks */,
			);
			buildRules = (
			);
			dependencies = (
				0495C1EFFFBF4EDDA16DA403 /* PBXTargetDependency */,
			);
			name = "spirv-cross-core";
			productName = "spirv-cross-core";
			productReference = B301B4182F954F0DA0389C5B /* spirv-cross-core */;
			productType = "com.apple.product-type.library.static";
		};
		3953A91AF4CC4ED1911EB33B /* spirv-cross-msl */ = {
			isa = PBXNativeTarget;
			buildConfigurationList = 2E427E4EA5B648A6A7C72C7B /* Build configuration list for PBXNativeTarget "spirv-cross-msl" */;
			buildPhases = (
				612BE032E4B347849B3206DF /* Sources */,
				76825530E4FB4663816731B0 /* Frameworks */,
			);
			buildRules = (
			);
			dependencies = (
				88A156D0F20343B6A3756765 /* PBXTargetDependency */,
				08C7AFCD59E94BAA8208D800 /* PBXTargetDependency */,
				CAC157C403D745859163C1E5 /* PBXTargetDependency */,
			);
			name = "spirv-cross-msl";
			productName = "spirv-cross-msl";
			productReference = 8DD3D7828D494D009709F3B1 /* spirv-cross-msl */;
			productType = "com.apple.product-type.library.static";
		};
		7630E4A548634CCEAB05ED4C /* spirv-cross-cpp */ = {
			isa = PBXNativeTarget;
			buildConfigurationList = BBD105C37E9840C8B33BC5EF /* Build configuration list for PBXNativeTarget "spirv-cross-cpp" */;
			buildPhases = (
				B0047C6ED087478CB594D1D1 /* Sources */,
				D7E6F9B3E3E84F0E87FC4EA0 /* Frameworks */,
			);
			buildRules = (
			);
			dependencies = (
				9805E7F93FE44922A7D6AD72 /* PBXTargetDependency */,
				E4FA716498504C0BB3B78840 /* PBXTargetDependency */,
				5424F30DEE9F4C228CDEF096 /* PBXTargetDependency */,
			);
			name = "spirv-cross-cpp";
			productName = "spirv-cross-cpp";
			productReference = C0647B97A6AD44A78D5539B8 /* spirv-cross-cpp */;
			productType = "com.apple.product-type.library.static";
		};
		BDDE12001F104E6487AE4EBA /* spirv-cross-hlsl */ = {
			isa = PBXNativeTarget;
			buildConfigurationList = 051DACF91D464535ABA58072 /* Build configuration list for PBXNativeTarget "spirv-cross-hlsl" */;
			buildPhases = (
				07BCD970314846A7A3ABB926 /* Sources */,
				0E23A5CA945D41E095AB2EE5 /* Frameworks */,
			);
			buildRules = (
			);
			dependencies = (
				59BEE59A868B446AA7EC6702 /* PBXTargetDependency */,
				2BBB4EA757BC4E908288A818 /* PBXTargetDependency */,
				7911B2E258B842F191B9BCE1 /* PBXTargetDependency */,
			);
			name = "spirv-cross-hlsl";
			productName = "spirv-cross-hlsl";
			productReference = A91BA1C4234D4F41923CB61B /* spirv-cross-hlsl */;
			productType = "com.apple.product-type.library.static";
		};
		C2D9AC6A949E46078ED42D9C /* spirv-cross-glsl */ = {
			isa = PBXNativeTarget;
			buildConfigurationList = 785AE7CAE57340CBB03A490E /* Build configuration list for PBXNativeTarget "spirv-cross-glsl" */;
			buildPhases = (
				E5F5C9C1EB9E45AE8C70E444 /* Sources */,
				79C265ADC1E544D28ADC1A78 /* Frameworks */,
			);
			buildRules = (
			);
			dependencies = (
				9784DD46783E48FE9A3EF09F /* PBXTargetDependency */,
				644D8C233E13424B9FC3E881 /* PBXTargetDependency */,
			);
			name = "spirv-cross-glsl";
			productName = "spirv-cross-glsl";
			productReference = DAACCA42415C4D05B3D2C433 /* spirv-cross-glsl */;
			productType = "com.apple.product-type.library.static";
		};
/* End PBXNativeTarget section */

/* Begin PBXProject section */
		3CC728C16D58436E9D2AE11C /* Project object */ = {
			isa = PBXProject;
			attributes = {
				BuildIndependentTargetsInParallel = YES;
				LastUpgradeCheck = 1420;
			};
			buildConfigurationList = F4D9EB7390C54BBDB065A25B /* Build configuration list for PBXProject "SPIRV-Cross" */;
			buildSettings = {
			};
			buildStyles = (
				548D42F071504ED7A22F6FEE /* Debug */,
				03B15389C0C94F11B3C75BBC /* Release */,
				ACB9565AD6194E469C61355E /* MinSizeRel */,
				983D6DB439154EFE8C2A9DB0 /* RelWithDebInfo */,
			);
			compatibilityVersion = "Xcode 3.2";
			hasScannedForEncodings = 0;
			mainGroup = 9D0352A73C32423491FF8037;
			projectDirPath = "../ppsspp";
			projectRoot = "";
			targets = (
				D5C5F59DA0D24BB697F70C76 /* ALL_BUILD */,
				CC999B7DD8894553A8463837 /* RUN_TESTS */,
				F98D9B492C154EF89F56E070 /* ZERO_CHECK */,
				9C2FE12D6226493A89B86940 /* install */,
				271CF7DF5B3B402B873047D9 /* spirv-cross-core */,
				7630E4A548634CCEAB05ED4C /* spirv-cross-cpp */,
				C2D9AC6A949E46078ED42D9C /* spirv-cross-glsl */,
				BDDE12001F104E6487AE4EBA /* spirv-cross-hlsl */,
				3953A91AF4CC4ED1911EB33B /* spirv-cross-msl */,
			);
		};
/* End PBXProject section */

/* Begin PBXShellScriptBuildPhase section */
		003C8D08B0008F35F218E126 /* CMake PostBuild Rules */ = {
			isa = PBXShellScriptBuildPhase;
			alwaysOutOfDate = 1;
			buildActionMask = 2147483647;
			files = (
			);
			name = "CMake PostBuild Rules";
			outputPaths = (
			);
			runOnlyForDeploymentPostprocessing = 0;
			shellPath = /bin/sh;
			shellScript = "set -e
if test \"$CONFIGURATION\" = \"Debug\"; then :
  cd ../cmake/ext/SPIRV-Cross-build
  /usr/local/lib/python3.10/site-packages/cmake/data/bin/ctest --force-new-ctest-process -C $CONFIGURATION$EFFECTIVE_PLATFORM_NAME
fi
if test \"$CONFIGURATION\" = \"Release\"; then :
  cd ../cmake/ext/SPIRV-Cross-build
  /usr/local/lib/python3.10/site-packages/cmake/data/bin/ctest --force-new-ctest-process -C $CONFIGURATION$EFFECTIVE_PLATFORM_NAME
fi
if test \"$CONFIGURATION\" = \"MinSizeRel\"; then :
  cd ../cmake/ext/SPIRV-Cross-build
  /usr/local/lib/python3.10/site-packages/cmake/data/bin/ctest --force-new-ctest-process -C $CONFIGURATION$EFFECTIVE_PLATFORM_NAME
fi
if test \"$CONFIGURATION\" = \"RelWithDebInfo\"; then :
  cd ../cmake/ext/SPIRV-Cross-build
  /usr/local/lib/python3.10/site-packages/cmake/data/bin/ctest --force-new-ctest-process -C $CONFIGURATION$EFFECTIVE_PLATFORM_NAME
fi
";
			showEnvVarsInLog = 0;
		};
		3C0110FC8322DE7E50886E21 = {
			isa = PBXShellScriptBuildPhase;
			buildActionMask = 2147483647;
			files = (
			);
			inputPaths = (
			);
			outputPaths = (
			);
			runOnlyForDeploymentPostprocessing = 0;
			shellPath = /bin/sh;
			shellScript = "# shell script goes here
exit 0";
			showEnvVarsInLog = 0;
		};
		87AF4882E018677E2624B544 = {
			isa = PBXShellScriptBuildPhase;
			buildActionMask = 2147483647;
			files = (
			);
			inputPaths = (
			);
			outputPaths = (
			);
			runOnlyForDeploymentPostprocessing = 0;
			shellPath = /bin/sh;
			shellScript = "# shell script goes here
exit 0";
			showEnvVarsInLog = 0;
		};
		87FB7BCCF128ED780034CC73 /* Generate CMakeFiles/ALL_BUILD */ = {
			isa = PBXShellScriptBuildPhase;
			alwaysOutOfDate = 1;
			buildActionMask = 2147483647;
			files = (
			);
			inputPaths = (
			);
			name = "Generate CMakeFiles/ALL_BUILD";
			outputPaths = (
"../cmake/ext/SPIRV-Cross-build/CMakeFiles/ALL_BUILD"			);
			runOnlyForDeploymentPostprocessing = 0;
			shellPath = /bin/sh;
			shellScript = "set -e
if test \"$CONFIGURATION\" = \"Debug\"; then :
  cd ../cmake/ext/SPIRV-Cross-build
  echo Build\\ all\\ projects
fi
if test \"$CONFIGURATION\" = \"Release\"; then :
  cd ../cmake/ext/SPIRV-Cross-build
  echo Build\\ all\\ projects
fi
if test \"$CONFIGURATION\" = \"MinSizeRel\"; then :
  cd ../cmake/ext/SPIRV-Cross-build
  echo Build\\ all\\ projects
fi
if test \"$CONFIGURATION\" = \"RelWithDebInfo\"; then :
  cd ../cmake/ext/SPIRV-Cross-build
  echo Build\\ all\\ projects
fi
";
			showEnvVarsInLog = 0;
		};
		8EA8E9A50936D47AF8529A3E /* Generate CMakeFiles/ZERO_CHECK */ = {
			isa = PBXShellScriptBuildPhase;
			alwaysOutOfDate = 1;
			buildActionMask = 2147483647;
			files = (
			);
			inputPaths = (
			);
			name = "Generate CMakeFiles/ZERO_CHECK";
			outputPaths = (
"../cmake/ext/SPIRV-Cross-build/CMakeFiles/ZERO_CHECK"			);
			runOnlyForDeploymentPostprocessing = 0;
			shellPath = /bin/sh;
			shellScript = "set -e
if test \"$CONFIGURATION\" = \"Debug\"; then :
  cd ../cmake/ext/SPIRV-Cross-build
  make -f ../cmake/ext/SPIRV-Cross-build/CMakeScripts/ReRunCMake.make
fi
if test \"$CONFIGURATION\" = \"Release\"; then :
  cd ../cmake/ext/SPIRV-Cross-build
  make -f ../cmake/ext/SPIRV-Cross-build/CMakeScripts/ReRunCMake.make
fi
if test \"$CONFIGURATION\" = \"MinSizeRel\"; then :
  cd ../cmake/ext/SPIRV-Cross-build
  make -f ../cmake/ext/SPIRV-Cross-build/CMakeScripts/ReRunCMake.make
fi
if test \"$CONFIGURATION\" = \"RelWithDebInfo\"; then :
  cd ../cmake/ext/SPIRV-Cross-build
  make -f ../cmake/ext/SPIRV-Cross-build/CMakeScripts/ReRunCMake.make
fi
";
			showEnvVarsInLog = 0;
		};
		910A41151295C5F9742C25BD = {
			isa = PBXShellScriptBuildPhase;
			buildActionMask = 2147483647;
			files = (
			);
			inputPaths = (
			);
			outputPaths = (
			);
			runOnlyForDeploymentPostprocessing = 0;
			shellPath = /bin/sh;
			shellScript = "# shell script goes here
exit 0";
			showEnvVarsInLog = 0;
		};
		93426DA6A4AC2C2AC9CE883C /* CMake PostBuild Rules */ = {
			isa = PBXShellScriptBuildPhase;
			alwaysOutOfDate = 1;
			buildActionMask = 2147483647;
			files = (
			);
			name = "CMake PostBuild Rules";
			outputPaths = (
			);
			runOnlyForDeploymentPostprocessing = 0;
			shellPath = /bin/sh;
			shellScript = "set -e
if test \"$CONFIGURATION\" = \"Debug\"; then :
  cd ../cmake/ext/SPIRV-Cross-build
  /usr/local/lib/python3.10/site-packages/cmake/data/bin/cmake -DBUILD_TYPE=$CONFIGURATION -DEFFECTIVE_PLATFORM_NAME=$EFFECTIVE_PLATFORM_NAME -P cmake_install.cmake
fi
if test \"$CONFIGURATION\" = \"Release\"; then :
  cd ../cmake/ext/SPIRV-Cross-build
  /usr/local/lib/python3.10/site-packages/cmake/data/bin/cmake -DBUILD_TYPE=$CONFIGURATION -DEFFECTIVE_PLATFORM_NAME=$EFFECTIVE_PLATFORM_NAME -P cmake_install.cmake
fi
if test \"$CONFIGURATION\" = \"MinSizeRel\"; then :
  cd ../cmake/ext/SPIRV-Cross-build
  /usr/local/lib/python3.10/site-packages/cmake/data/bin/cmake -DBUILD_TYPE=$CONFIGURATION -DEFFECTIVE_PLATFORM_NAME=$EFFECTIVE_PLATFORM_NAME -P cmake_install.cmake
fi
if test \"$CONFIGURATION\" = \"RelWithDebInfo\"; then :
  cd ../cmake/ext/SPIRV-Cross-build
  /usr/local/lib/python3.10/site-packages/cmake/data/bin/cmake -DBUILD_TYPE=$CONFIGURATION -DEFFECTIVE_PLATFORM_NAME=$EFFECTIVE_PLATFORM_NAME -P cmake_install.cmake
fi
";
			showEnvVarsInLog = 0;
		};
		9B50530E35CC49C82C2FACCF = {
			isa = PBXShellScriptBuildPhase;
			buildActionMask = 2147483647;
			files = (
			);
			inputPaths = (
			);
			outputPaths = (
			);
			runOnlyForDeploymentPostprocessing = 0;
			shellPath = /bin/sh;
			shellScript = "# shell script goes here
exit 0";
			showEnvVarsInLog = 0;
		};
/* End PBXShellScriptBuildPhase section */

/* Begin PBXSourcesBuildPhase section */
		07BCD970314846A7A3ABB926 /* Sources */ = {
			isa = PBXSourcesBuildPhase;
			buildActionMask = 2147483647;
			files = (
				26DFB449FEBF434B88AE3F85 /* ../ppsspp/ext/SPIRV-Cross/spirv_hlsl.cpp */,
			);
			runOnlyForDeploymentPostprocessing = 0;
		};
		45484C76ABDC4264B8283A05 /* Sources */ = {
			isa = PBXSourcesBuildPhase;
			buildActionMask = 2147483647;
			files = (
				4BCD84A57B9941C3A6DB39D3 /* ../ppsspp/ext/SPIRV-Cross/spirv_cfg.cpp */,
				A405253ED82744D399B72AA2 /* ../ppsspp/ext/SPIRV-Cross/spirv_cross.cpp */,
				2B6D5A8CE2AC483BAFF1E6A9 /* ../ppsspp/ext/SPIRV-Cross/spirv_cross_parsed_ir.cpp */,
				3A8D322893D340FCBECB69BA /* ../ppsspp/ext/SPIRV-Cross/spirv_cross_util.cpp */,
				4426581EB7E747839B2CCE93 /* ../ppsspp/ext/SPIRV-Cross/spirv_parser.cpp */,
			);
			runOnlyForDeploymentPostprocessing = 0;
		};
		612BE032E4B347849B3206DF /* Sources */ = {
			isa = PBXSourcesBuildPhase;
			buildActionMask = 2147483647;
			files = (
				0674EE46778B43EDA88331E3 /* ../ppsspp/ext/SPIRV-Cross/spirv_msl.cpp */,
			);
			runOnlyForDeploymentPostprocessing = 0;
		};
		B0047C6ED087478CB594D1D1 /* Sources */ = {
			isa = PBXSourcesBuildPhase;
			buildActionMask = 2147483647;
			files = (
				F450C93ED7074102B49BA865 /* ../ppsspp/ext/SPIRV-Cross/spirv_cpp.cpp */,
			);
			runOnlyForDeploymentPostprocessing = 0;
		};
		E5F5C9C1EB9E45AE8C70E444 /* Sources */ = {
			isa = PBXSourcesBuildPhase;
			buildActionMask = 2147483647;
			files = (
				FDCD5E9832B548A4AE45058E /* ../ppsspp/ext/SPIRV-Cross/spirv_glsl.cpp */,
			);
			runOnlyForDeploymentPostprocessing = 0;
		};
/* End PBXSourcesBuildPhase section */

/* Begin PBXTargetDependency section */
		0495C1EFFFBF4EDDA16DA403 /* PBXTargetDependency */ = {
			isa = PBXTargetDependency;
			target = F98D9B492C154EF89F56E070 /* ZERO_CHECK */;
			targetProxy = 75E864E2FDA146A092EE3AAA /* PBXContainerItemProxy */;
		};
		08C7AFCD59E94BAA8208D800 /* PBXTargetDependency */ = {
			isa = PBXTargetDependency;
			target = 271CF7DF5B3B402B873047D9 /* spirv-cross-core */;
			targetProxy = E6840AECFF4240D5A8D9EB7E /* PBXContainerItemProxy */;
		};
		18B2261185ED416D936FFBB4 /* PBXTargetDependency */ = {
			isa = PBXTargetDependency;
			target = F98D9B492C154EF89F56E070 /* ZERO_CHECK */;
			targetProxy = AA12A6AACFB44840AE93BBC1 /* PBXContainerItemProxy */;
		};
		2BBB4EA757BC4E908288A818 /* PBXTargetDependency */ = {
			isa = PBXTargetDependency;
			target = 271CF7DF5B3B402B873047D9 /* spirv-cross-core */;
			targetProxy = DAAF4BC42C164F0595D6E82B /* PBXContainerItemProxy */;
		};
		37391FD5979B419C8ABAE737 /* PBXTargetDependency */ = {
			isa = PBXTargetDependency;
			target = C2D9AC6A949E46078ED42D9C /* spirv-cross-glsl */;
			targetProxy = 3D94594F9B8E42AE86B3E01D /* PBXContainerItemProxy */;
		};
		4434526C87234C3F9DCCDB8A /* PBXTargetDependency */ = {
			isa = PBXTargetDependency;
			target = 271CF7DF5B3B402B873047D9 /* spirv-cross-core */;
			targetProxy = 4C9DCD4B9E7646C69B5ED78F /* PBXContainerItemProxy */;
		};
		5424F30DEE9F4C228CDEF096 /* PBXTargetDependency */ = {
			isa = PBXTargetDependency;
			target = C2D9AC6A949E46078ED42D9C /* spirv-cross-glsl */;
			targetProxy = 69EA0E0FD0B14290AC6BA62D /* PBXContainerItemProxy */;
		};
		59BEE59A868B446AA7EC6702 /* PBXTargetDependency */ = {
			isa = PBXTargetDependency;
			target = F98D9B492C154EF89F56E070 /* ZERO_CHECK */;
			targetProxy = 8A6E27A520D34FEDABEC323B /* PBXContainerItemProxy */;
		};
		644D8C233E13424B9FC3E881 /* PBXTargetDependency */ = {
			isa = PBXTargetDependency;
			target = 271CF7DF5B3B402B873047D9 /* spirv-cross-core */;
			targetProxy = 2EA1820D671D47BF86C0F46C /* PBXContainerItemProxy */;
		};
		7911B2E258B842F191B9BCE1 /* PBXTargetDependency */ = {
			isa = PBXTargetDependency;
			target = C2D9AC6A949E46078ED42D9C /* spirv-cross-glsl */;
			targetProxy = DC71D6472CB244A2914AA69D /* PBXContainerItemProxy */;
		};
		88A156D0F20343B6A3756765 /* PBXTargetDependency */ = {
			isa = PBXTargetDependency;
			target = F98D9B492C154EF89F56E070 /* ZERO_CHECK */;
			targetProxy = 37E158338EE84ACEA82C7811 /* PBXContainerItemProxy */;
		};
		8C12243E95E8467180AEC2BF /* PBXTargetDependency */ = {
			isa = PBXTargetDependency;
			target = D5C5F59DA0D24BB697F70C76 /* ALL_BUILD */;
			targetProxy = BD71E6655C464253ABA03780 /* PBXContainerItemProxy */;
		};
		8EAF0A0C238C46EE975B3DFF /* PBXTargetDependency */ = {
			isa = PBXTargetDependency;
			target = BDDE12001F104E6487AE4EBA /* spirv-cross-hlsl */;
			targetProxy = 0E3A9A4365124A629AEFA710 /* PBXContainerItemProxy */;
		};
		96BE66FBB3E846EE89B9DAF3 /* PBXTargetDependency */ = {
			isa = PBXTargetDependency;
			target = 3953A91AF4CC4ED1911EB33B /* spirv-cross-msl */;
			targetProxy = C35EC915ADA1408EA2C53D9F /* PBXContainerItemProxy */;
		};
		9784DD46783E48FE9A3EF09F /* PBXTargetDependency */ = {
			isa = PBXTargetDependency;
			target = F98D9B492C154EF89F56E070 /* ZERO_CHECK */;
			targetProxy = 5D78270801F7448785A394D8 /* PBXContainerItemProxy */;
		};
		9805E7F93FE44922A7D6AD72 /* PBXTargetDependency */ = {
			isa = PBXTargetDependency;
			target = F98D9B492C154EF89F56E070 /* ZERO_CHECK */;
			targetProxy = 32EE16410C3F4146B9A67CD4 /* PBXContainerItemProxy */;
		};
		CAC157C403D745859163C1E5 /* PBXTargetDependency */ = {
			isa = PBXTargetDependency;
			target = C2D9AC6A949E46078ED42D9C /* spirv-cross-glsl */;
			targetProxy = F123264C4F21401CBA80F6AD /* PBXContainerItemProxy */;
		};
		E4FA716498504C0BB3B78840 /* PBXTargetDependency */ = {
			isa = PBXTargetDependency;
			target = 271CF7DF5B3B402B873047D9 /* spirv-cross-core */;
			targetProxy = 8F395C139D2947E080DD2F9C /* PBXContainerItemProxy */;
		};
		E58EAA928226422F8A30C1B7 /* PBXTargetDependency */ = {
			isa = PBXTargetDependency;
			target = 7630E4A548634CCEAB05ED4C /* spirv-cross-cpp */;
			targetProxy = 9F10D3FC88BE4E19B4E04590 /* PBXContainerItemProxy */;
		};
/* End PBXTargetDependency section */

/* Begin XCBuildConfiguration section */
		006087158398440492A0A342 /* Debug */ = {
			isa = XCBuildConfiguration;
			buildSettings = {
				ARCHS = arm64;
				CLANG_CXX_LIBRARY = "libc++";
				COMBINE_HIDPI_IMAGES = YES;
				
				EXECUTABLE_PREFIX = lib;
				EXECUTABLE_SUFFIX = .a;
				GCC_GENERATE_DEBUGGING_SYMBOLS = YES;
				GCC_INLINES_ARE_PRIVATE_EXTERN = NO;
				GCC_OPTIMIZATION_LEVEL = 0;
				GCC_PREPROCESSOR_DEFINITIONS = ("'CMAKE_INTDIR=\"$(CONFIGURATION)$(EFFECTIVE_PLATFORM_NAME)\"'",SPIRV_CROSS_EXCEPTIONS_TO_ASSERTIONS,__STDC_LIMIT_MACROS,"'GL_ETC1_RGB8_OES=0'",__STDC_CONSTANT_MACROS,"'ASSETS_DIR=\"/usr/local/share/ppsspp/assets/\"'",__LIBRETRO__,GLEW_NO_GLU,USING_GLES2,MOBILE_DEVICE,"'PNG_ARM_NEON_OPT=0'","$(inherited)");
				GCC_SYMBOLS_PRIVATE_EXTERN = NO;
				HEADER_SEARCH_PATHS = (../ppsspp/ext/glslang,../ppsspp/ext/glew,../ppsspp,"../ppsspp/ext/SPIRV-Cross-build/../SPIRV-Cross","$(inherited)");
				INSTALL_PATH = "";
				LIBRARY_STYLE = STATIC;
				ONLY_ACTIVE_ARCH = NO;
				OTHER_CPLUSPLUSFLAGS = "                -mios-version-min=11.0                -mios-version-min=11.0       -D_DEBUG -fPIC -fno-strict-aliasing -fno-exceptions '-std=gnu++17'   -U__STRICT_ANSI__ -U__STRICT_ANSI__ -Wno-nullability-completeness -Wno-tautological-pointer-compare -Wno-deprecated-register -Wformat -Wno-multichar";
				OTHER_LIBTOOLFLAGS = ("");
				OTHER_REZFLAGS = "";
				PRODUCT_NAME = "spirv-cross-msl";
				SECTORDER_FLAGS = "";
				
				USE_HEADERMAP = NO;
				WARNING_CFLAGS = ("$(inherited)");
			};
			name = Debug;
		};
		09C56F4E90874A68BB70D7F1 /* Debug */ = {
			isa = XCBuildConfiguration;
			buildSettings = {
				COMBINE_HIDPI_IMAGES = YES;
				GCC_GENERATE_DEBUGGING_SYMBOLS = YES;
				GCC_INLINES_ARE_PRIVATE_EXTERN = NO;
				GCC_OPTIMIZATION_LEVEL = 0;
				GCC_PREPROCESSOR_DEFINITIONS = ("'CMAKE_INTDIR=\"$(CONFIGURATION)$(EFFECTIVE_PLATFORM_NAME)\"'","$(inherited)");
				GCC_SYMBOLS_PRIVATE_EXTERN = NO;
				INSTALL_PATH = "";
				OTHER_LDFLAGS = ("","$(inherited)");
				OTHER_REZFLAGS = "";
				PRODUCT_NAME = RUN_TESTS;
				SECTORDER_FLAGS = "";
				USE_HEADERMAP = NO;
				WARNING_CFLAGS = ("$(inherited)");
			};
			name = Debug;
		};
		14E4F22E28A04792AAEDF8B5 /* Release */ = {
			isa = XCBuildConfiguration;
			buildSettings = {
				COMBINE_HIDPI_IMAGES = YES;
				GCC_GENERATE_DEBUGGING_SYMBOLS = YES;
				GCC_INLINES_ARE_PRIVATE_EXTERN = NO;
				GCC_OPTIMIZATION_LEVEL = 0;
				GCC_PREPROCESSOR_DEFINITIONS = ("'CMAKE_INTDIR=\"$(CONFIGURATION)$(EFFECTIVE_PLATFORM_NAME)\"'","$(inherited)");
				GCC_SYMBOLS_PRIVATE_EXTERN = NO;
				INSTALL_PATH = "";
				OTHER_LDFLAGS = ("","$(inherited)");
				OTHER_REZFLAGS = "";
				PRODUCT_NAME = ZERO_CHECK;
				SECTORDER_FLAGS = "";
				USE_HEADERMAP = NO;
				WARNING_CFLAGS = ("$(inherited)");
			};
			name = Release;
		};
		238701A15C2D475B8C6FD57B /* MinSizeRel */ = {
			isa = XCBuildConfiguration;
			buildSettings = {
				COMBINE_HIDPI_IMAGES = YES;
				GCC_GENERATE_DEBUGGING_SYMBOLS = YES;
				GCC_INLINES_ARE_PRIVATE_EXTERN = NO;
				GCC_OPTIMIZATION_LEVEL = 0;
				GCC_PREPROCESSOR_DEFINITIONS = ("'CMAKE_INTDIR=\"$(CONFIGURATION)$(EFFECTIVE_PLATFORM_NAME)\"'","$(inherited)");
				GCC_SYMBOLS_PRIVATE_EXTERN = NO;
				INSTALL_PATH = "";
				OTHER_LDFLAGS = ("","$(inherited)");
				OTHER_REZFLAGS = "";
				PRODUCT_NAME = ZERO_CHECK;
				SECTORDER_FLAGS = "";
				USE_HEADERMAP = NO;
				WARNING_CFLAGS = ("$(inherited)");
			};
			name = MinSizeRel;
		};
		278E8D61E870458F976A73D3 /* Debug */ = {
			isa = XCBuildConfiguration;
			buildSettings = {
				ARCHS = arm64;
				CLANG_CXX_LIBRARY = "libc++";
				COMBINE_HIDPI_IMAGES = YES;
				
				EXECUTABLE_PREFIX = lib;
				EXECUTABLE_SUFFIX = .a;
				GCC_GENERATE_DEBUGGING_SYMBOLS = YES;
				GCC_INLINES_ARE_PRIVATE_EXTERN = NO;
				GCC_OPTIMIZATION_LEVEL = 0;
				GCC_PREPROCESSOR_DEFINITIONS = ("'CMAKE_INTDIR=\"$(CONFIGURATION)$(EFFECTIVE_PLATFORM_NAME)\"'",SPIRV_CROSS_EXCEPTIONS_TO_ASSERTIONS,__STDC_LIMIT_MACROS,"'GL_ETC1_RGB8_OES=0'",__STDC_CONSTANT_MACROS,"'ASSETS_DIR=\"/usr/local/share/ppsspp/assets/\"'",__LIBRETRO__,GLEW_NO_GLU,USING_GLES2,MOBILE_DEVICE,"'PNG_ARM_NEON_OPT=0'","$(inherited)");
				GCC_SYMBOLS_PRIVATE_EXTERN = NO;
				HEADER_SEARCH_PATHS = (../ppsspp/ext/glslang,../ppsspp/ext/glew,../ppsspp,"../ppsspp/ext/SPIRV-Cross-build/../SPIRV-Cross","$(inherited)");
				INSTALL_PATH = "";
				LIBRARY_STYLE = STATIC;
				ONLY_ACTIVE_ARCH = NO;
				OTHER_CPLUSPLUSFLAGS = "                -mios-version-min=11.0                -mios-version-min=11.0       -D_DEBUG -fPIC -fno-strict-aliasing -fno-exceptions '-std=gnu++17'   -U__STRICT_ANSI__ -U__STRICT_ANSI__ -Wno-nullability-completeness -Wno-tautological-pointer-compare -Wno-deprecated-register -Wformat -Wno-multichar";
				OTHER_LIBTOOLFLAGS = ("");
				OTHER_REZFLAGS = "";
				PRODUCT_NAME = "spirv-cross-core";
				SECTORDER_FLAGS = "";
				
				USE_HEADERMAP = NO;
				WARNING_CFLAGS = ("$(inherited)");
			};
			name = Debug;
		};
		2849A6BE4DCA470FB211DDB5 /* MinSizeRel */ = {
			isa = XCBuildConfiguration;
			buildSettings = {
				ARCHS = arm64;
				CLANG_CXX_LIBRARY = "libc++";
				COMBINE_HIDPI_IMAGES = YES;
				
				EXECUTABLE_PREFIX = lib;
				EXECUTABLE_SUFFIX = .a;
				GCC_GENERATE_DEBUGGING_SYMBOLS = NO;
				GCC_INLINES_ARE_PRIVATE_EXTERN = NO;
				GCC_OPTIMIZATION_LEVEL = s;
				GCC_PREPROCESSOR_DEFINITIONS = ("'CMAKE_INTDIR=\"$(CONFIGURATION)$(EFFECTIVE_PLATFORM_NAME)\"'",SPIRV_CROSS_EXCEPTIONS_TO_ASSERTIONS,__STDC_LIMIT_MACROS,"'GL_ETC1_RGB8_OES=0'",__STDC_CONSTANT_MACROS,"'ASSETS_DIR=\"/usr/local/share/ppsspp/assets/\"'",__LIBRETRO__,GLEW_NO_GLU,USING_GLES2,MOBILE_DEVICE,"'PNG_ARM_NEON_OPT=0'","$(inherited)");
				GCC_SYMBOLS_PRIVATE_EXTERN = NO;
				HEADER_SEARCH_PATHS = (../ppsspp/ext/glslang,../ppsspp/ext/glew,../ppsspp,"../ppsspp/ext/SPIRV-Cross-build/../SPIRV-Cross","$(inherited)");
				INSTALL_PATH = "";
				LIBRARY_STYLE = STATIC;
				ONLY_ACTIVE_ARCH = NO;
				OTHER_CPLUSPLUSFLAGS = "                -mios-version-min=11.0                -mios-version-min=11.0     -DNDEBUG     -D_NDEBUG -fPIC -fno-strict-aliasing -fno-exceptions '-std=gnu++17'   -U__STRICT_ANSI__ -U__STRICT_ANSI__ -Wno-nullability-completeness -Wno-tautological-pointer-compare -Wno-deprecated-register -Wformat -Wno-multichar";
				OTHER_LIBTOOLFLAGS = ("");
				OTHER_REZFLAGS = "";
				PRODUCT_NAME = "spirv-cross-core";
				SECTORDER_FLAGS = "";
				
				USE_HEADERMAP = NO;
				WARNING_CFLAGS = ("$(inherited)");
			};
			name = MinSizeRel;
		};
		2A3DAEDD5D2141FCAB8C40F8 /* MinSizeRel */ = {
			isa = XCBuildConfiguration;
			buildSettings = {
				ARCHS = arm64;
				CLANG_CXX_LIBRARY = "libc++";
				COMBINE_HIDPI_IMAGES = YES;
				
				EXECUTABLE_PREFIX = lib;
				EXECUTABLE_SUFFIX = .a;
				GCC_GENERATE_DEBUGGING_SYMBOLS = NO;
				GCC_INLINES_ARE_PRIVATE_EXTERN = NO;
				GCC_OPTIMIZATION_LEVEL = s;
				GCC_PREPROCESSOR_DEFINITIONS = ("'CMAKE_INTDIR=\"$(CONFIGURATION)$(EFFECTIVE_PLATFORM_NAME)\"'",SPIRV_CROSS_EXCEPTIONS_TO_ASSERTIONS,__STDC_LIMIT_MACROS,"'GL_ETC1_RGB8_OES=0'",__STDC_CONSTANT_MACROS,"'ASSETS_DIR=\"/usr/local/share/ppsspp/assets/\"'",__LIBRETRO__,GLEW_NO_GLU,USING_GLES2,MOBILE_DEVICE,"'PNG_ARM_NEON_OPT=0'","$(inherited)");
				GCC_SYMBOLS_PRIVATE_EXTERN = NO;
				HEADER_SEARCH_PATHS = (../ppsspp/ext/glslang,../ppsspp/ext/glew,../ppsspp,"../ppsspp/ext/SPIRV-Cross-build/../SPIRV-Cross","$(inherited)");
				INSTALL_PATH = "";
				LIBRARY_STYLE = STATIC;
				ONLY_ACTIVE_ARCH = NO;
				OTHER_CPLUSPLUSFLAGS = "                -mios-version-min=11.0                -mios-version-min=11.0     -DNDEBUG     -D_NDEBUG -fPIC -fno-strict-aliasing -fno-exceptions '-std=gnu++17'   -U__STRICT_ANSI__ -U__STRICT_ANSI__ -Wno-nullability-completeness -Wno-tautological-pointer-compare -Wno-deprecated-register -Wformat -Wno-multichar";
				OTHER_LIBTOOLFLAGS = ("");
				OTHER_REZFLAGS = "";
				PRODUCT_NAME = "spirv-cross-glsl";
				SECTORDER_FLAGS = "";
				
				USE_HEADERMAP = NO;
				WARNING_CFLAGS = ("$(inherited)");
			};
			name = MinSizeRel;
		};
		32FC5E11CB014FD29197CF15 /* RelWithDebInfo */ = {
			isa = XCBuildConfiguration;
			buildSettings = {
				ARCHS = arm64;
				CLANG_CXX_LIBRARY = "libc++";
				COMBINE_HIDPI_IMAGES = YES;
				
				EXECUTABLE_PREFIX = lib;
				EXECUTABLE_SUFFIX = .a;
				GCC_GENERATE_DEBUGGING_SYMBOLS = YES;
				GCC_INLINES_ARE_PRIVATE_EXTERN = NO;
				GCC_OPTIMIZATION_LEVEL = 2;
				GCC_PREPROCESSOR_DEFINITIONS = ("'CMAKE_INTDIR=\"$(CONFIGURATION)$(EFFECTIVE_PLATFORM_NAME)\"'",SPIRV_CROSS_EXCEPTIONS_TO_ASSERTIONS,__STDC_LIMIT_MACROS,"'GL_ETC1_RGB8_OES=0'",__STDC_CONSTANT_MACROS,"'ASSETS_DIR=\"/usr/local/share/ppsspp/assets/\"'",__LIBRETRO__,GLEW_NO_GLU,USING_GLES2,MOBILE_DEVICE,"'PNG_ARM_NEON_OPT=0'","$(inherited)");
				GCC_SYMBOLS_PRIVATE_EXTERN = NO;
				HEADER_SEARCH_PATHS = (../ppsspp/ext/glslang,../ppsspp/ext/glew,../ppsspp,"../ppsspp/ext/SPIRV-Cross-build/../SPIRV-Cross","$(inherited)");
				INSTALL_PATH = "";
				LIBRARY_STYLE = STATIC;
				ONLY_ACTIVE_ARCH = NO;
				OTHER_CPLUSPLUSFLAGS = "                -mios-version-min=11.0                -mios-version-min=11.0        -DNDEBUG        -D_NDEBUG -fPIC -fno-strict-aliasing -fno-exceptions '-std=gnu++17'   -U__STRICT_ANSI__ -U__STRICT_ANSI__ -Wno-nullability-completeness -Wno-tautological-pointer-compare -Wno-deprecated-register -Wformat -Wno-multichar";
				OTHER_LIBTOOLFLAGS = ("");
				OTHER_REZFLAGS = "";
				PRODUCT_NAME = "spirv-cross-core";
				SECTORDER_FLAGS = "";
				
				USE_HEADERMAP = NO;
				WARNING_CFLAGS = ("$(inherited)");
			};
			name = RelWithDebInfo;
		};
		37E0AE6653BD4DA4872B869E /* Debug */ = {
			isa = XCBuildConfiguration;
			buildSettings = {
				COMBINE_HIDPI_IMAGES = YES;
				GCC_GENERATE_DEBUGGING_SYMBOLS = YES;
				GCC_INLINES_ARE_PRIVATE_EXTERN = NO;
				GCC_OPTIMIZATION_LEVEL = 0;
				GCC_PREPROCESSOR_DEFINITIONS = ("'CMAKE_INTDIR=\"$(CONFIGURATION)$(EFFECTIVE_PLATFORM_NAME)\"'","$(inherited)");
				GCC_SYMBOLS_PRIVATE_EXTERN = NO;
				INSTALL_PATH = "";
				OTHER_LDFLAGS = ("","$(inherited)");
				OTHER_REZFLAGS = "";
				PRODUCT_NAME = install;
				SECTORDER_FLAGS = "";
				USE_HEADERMAP = NO;
				WARNING_CFLAGS = ("$(inherited)");
			};
			name = Debug;
		};
		413ACCE75A794DDD96E0B7C5 /* RelWithDebInfo */ = {
			isa = XCBuildConfiguration;
			buildSettings = {
				COMBINE_HIDPI_IMAGES = YES;
				GCC_GENERATE_DEBUGGING_SYMBOLS = YES;
				GCC_INLINES_ARE_PRIVATE_EXTERN = NO;
				GCC_OPTIMIZATION_LEVEL = 0;
				GCC_PREPROCESSOR_DEFINITIONS = ("'CMAKE_INTDIR=\"$(CONFIGURATION)$(EFFECTIVE_PLATFORM_NAME)\"'","$(inherited)");
				GCC_SYMBOLS_PRIVATE_EXTERN = NO;
				INSTALL_PATH = "";
				OTHER_LDFLAGS = ("","$(inherited)");
				OTHER_REZFLAGS = "";
				PRODUCT_NAME = install;
				SECTORDER_FLAGS = "";
				USE_HEADERMAP = NO;
				WARNING_CFLAGS = ("$(inherited)");
			};
			name = RelWithDebInfo;
		};
		41624F9B6EB24FB5AAC0D590 /* Debug */ = {
			isa = XCBuildConfiguration;
			buildSettings = {
				ARCHS = arm64;
				CLANG_CXX_LIBRARY = "libc++";
				CODE_SIGNING_REQUIRED = NO;
				CODE_SIGN_IDENTITY = "";
				IPHONEOS_DEPLOYMENT_TARGET = 11.0;
				SDKROOT = /Applications/Xcode.app/Contents/Developer/Platforms/iPhoneOS.platform/Developer/SDKs/iPhoneOS.sdk;
				BUILD_DIR = ../lib;
				TARGETED_DEVICE_FAMILY = "1,2,3,4,6";
			};
			name = Debug;
		};
		4519A0D6FF434893A3DC3D26 /* RelWithDebInfo */ = {
			isa = XCBuildConfiguration;
			buildSettings = {
				ARCHS = arm64;
				CLANG_CXX_LIBRARY = "libc++";
				COMBINE_HIDPI_IMAGES = YES;
				
				EXECUTABLE_PREFIX = lib;
				EXECUTABLE_SUFFIX = .a;
				GCC_GENERATE_DEBUGGING_SYMBOLS = YES;
				GCC_INLINES_ARE_PRIVATE_EXTERN = NO;
				GCC_OPTIMIZATION_LEVEL = 2;
				GCC_PREPROCESSOR_DEFINITIONS = ("'CMAKE_INTDIR=\"$(CONFIGURATION)$(EFFECTIVE_PLATFORM_NAME)\"'",SPIRV_CROSS_EXCEPTIONS_TO_ASSERTIONS,__STDC_LIMIT_MACROS,"'GL_ETC1_RGB8_OES=0'",__STDC_CONSTANT_MACROS,"'ASSETS_DIR=\"/usr/local/share/ppsspp/assets/\"'",__LIBRETRO__,GLEW_NO_GLU,USING_GLES2,MOBILE_DEVICE,"'PNG_ARM_NEON_OPT=0'","$(inherited)");
				GCC_SYMBOLS_PRIVATE_EXTERN = NO;
				HEADER_SEARCH_PATHS = (../ppsspp/ext/glslang,../ppsspp/ext/glew,../ppsspp,"../ppsspp/ext/SPIRV-Cross-build/../SPIRV-Cross","$(inherited)");
				INSTALL_PATH = "";
				LIBRARY_STYLE = STATIC;
				ONLY_ACTIVE_ARCH = NO;
				OTHER_CPLUSPLUSFLAGS = "                -mios-version-min=11.0                -mios-version-min=11.0        -DNDEBUG        -D_NDEBUG -fPIC -fno-strict-aliasing -fno-exceptions '-std=gnu++17'   -U__STRICT_ANSI__ -U__STRICT_ANSI__ -Wno-nullability-completeness -Wno-tautological-pointer-compare -Wno-deprecated-register -Wformat -Wno-multichar";
				OTHER_LIBTOOLFLAGS = ("");
				OTHER_REZFLAGS = "";
				PRODUCT_NAME = "spirv-cross-hlsl";
				SECTORDER_FLAGS = "";
				
				USE_HEADERMAP = NO;
				WARNING_CFLAGS = ("$(inherited)");
			};
			name = RelWithDebInfo;
		};
		456860AACBE94588B8245042 /* MinSizeRel */ = {
			isa = XCBuildConfiguration;
			buildSettings = {
				ARCHS = arm64;
				CLANG_CXX_LIBRARY = "libc++";
				COMBINE_HIDPI_IMAGES = YES;
				
				EXECUTABLE_PREFIX = lib;
				EXECUTABLE_SUFFIX = .a;
				GCC_GENERATE_DEBUGGING_SYMBOLS = NO;
				GCC_INLINES_ARE_PRIVATE_EXTERN = NO;
				GCC_OPTIMIZATION_LEVEL = s;
				GCC_PREPROCESSOR_DEFINITIONS = ("'CMAKE_INTDIR=\"$(CONFIGURATION)$(EFFECTIVE_PLATFORM_NAME)\"'",SPIRV_CROSS_EXCEPTIONS_TO_ASSERTIONS,__STDC_LIMIT_MACROS,"'GL_ETC1_RGB8_OES=0'",__STDC_CONSTANT_MACROS,"'ASSETS_DIR=\"/usr/local/share/ppsspp/assets/\"'",__LIBRETRO__,GLEW_NO_GLU,USING_GLES2,MOBILE_DEVICE,"'PNG_ARM_NEON_OPT=0'","$(inherited)");
				GCC_SYMBOLS_PRIVATE_EXTERN = NO;
				HEADER_SEARCH_PATHS = (../ppsspp/ext/glslang,../ppsspp/ext/glew,../ppsspp,"../ppsspp/ext/SPIRV-Cross-build/../SPIRV-Cross","$(inherited)");
				INSTALL_PATH = "";
				LIBRARY_STYLE = STATIC;
				ONLY_ACTIVE_ARCH = NO;
				OTHER_CPLUSPLUSFLAGS = "                -mios-version-min=11.0                -mios-version-min=11.0     -DNDEBUG     -D_NDEBUG -fPIC -fno-strict-aliasing -fno-exceptions '-std=gnu++17'   -U__STRICT_ANSI__ -U__STRICT_ANSI__ -Wno-nullability-completeness -Wno-tautological-pointer-compare -Wno-deprecated-register -Wformat -Wno-multichar";
				OTHER_LIBTOOLFLAGS = ("");
				OTHER_REZFLAGS = "";
				PRODUCT_NAME = "spirv-cross-hlsl";
				SECTORDER_FLAGS = "";
				
				USE_HEADERMAP = NO;
				WARNING_CFLAGS = ("$(inherited)");
			};
			name = MinSizeRel;
		};
		48B5AE4E874B4B4EAA450E99 /* MinSizeRel */ = {
			isa = XCBuildConfiguration;
			buildSettings = {
				ARCHS = arm64;
				CLANG_CXX_LIBRARY = "libc++";
				COMBINE_HIDPI_IMAGES = YES;
				
				EXECUTABLE_PREFIX = lib;
				EXECUTABLE_SUFFIX = .a;
				GCC_GENERATE_DEBUGGING_SYMBOLS = NO;
				GCC_INLINES_ARE_PRIVATE_EXTERN = NO;
				GCC_OPTIMIZATION_LEVEL = s;
				GCC_PREPROCESSOR_DEFINITIONS = ("'CMAKE_INTDIR=\"$(CONFIGURATION)$(EFFECTIVE_PLATFORM_NAME)\"'",SPIRV_CROSS_EXCEPTIONS_TO_ASSERTIONS,__STDC_LIMIT_MACROS,"'GL_ETC1_RGB8_OES=0'",__STDC_CONSTANT_MACROS,"'ASSETS_DIR=\"/usr/local/share/ppsspp/assets/\"'",__LIBRETRO__,GLEW_NO_GLU,USING_GLES2,MOBILE_DEVICE,"'PNG_ARM_NEON_OPT=0'","$(inherited)");
				GCC_SYMBOLS_PRIVATE_EXTERN = NO;
				HEADER_SEARCH_PATHS = (../ppsspp/ext/glslang,../ppsspp/ext/glew,../ppsspp,"../ppsspp/ext/SPIRV-Cross-build/../SPIRV-Cross","$(inherited)");
				INSTALL_PATH = "";
				LIBRARY_STYLE = STATIC;
				ONLY_ACTIVE_ARCH = NO;
				OTHER_CPLUSPLUSFLAGS = "                -mios-version-min=11.0                -mios-version-min=11.0     -DNDEBUG     -D_NDEBUG -fPIC -fno-strict-aliasing -fno-exceptions '-std=gnu++17'   -U__STRICT_ANSI__ -U__STRICT_ANSI__ -Wno-nullability-completeness -Wno-tautological-pointer-compare -Wno-deprecated-register -Wformat -Wno-multichar";
				OTHER_LIBTOOLFLAGS = ("");
				OTHER_REZFLAGS = "";
				PRODUCT_NAME = "spirv-cross-msl";
				SECTORDER_FLAGS = "";
				
				USE_HEADERMAP = NO;
				WARNING_CFLAGS = ("$(inherited)");
			};
			name = MinSizeRel;
		};
		4F2DF655CE464154A7F0F307 /* RelWithDebInfo */ = {
			isa = XCBuildConfiguration;
			buildSettings = {
				ARCHS = arm64;
				CLANG_CXX_LIBRARY = "libc++";
				COMBINE_HIDPI_IMAGES = YES;
				
				EXECUTABLE_PREFIX = lib;
				EXECUTABLE_SUFFIX = .a;
				GCC_GENERATE_DEBUGGING_SYMBOLS = YES;
				GCC_INLINES_ARE_PRIVATE_EXTERN = NO;
				GCC_OPTIMIZATION_LEVEL = 2;
				GCC_PREPROCESSOR_DEFINITIONS = ("'CMAKE_INTDIR=\"$(CONFIGURATION)$(EFFECTIVE_PLATFORM_NAME)\"'",SPIRV_CROSS_EXCEPTIONS_TO_ASSERTIONS,__STDC_LIMIT_MACROS,"'GL_ETC1_RGB8_OES=0'",__STDC_CONSTANT_MACROS,"'ASSETS_DIR=\"/usr/local/share/ppsspp/assets/\"'",__LIBRETRO__,GLEW_NO_GLU,USING_GLES2,MOBILE_DEVICE,"'PNG_ARM_NEON_OPT=0'","$(inherited)");
				GCC_SYMBOLS_PRIVATE_EXTERN = NO;
				HEADER_SEARCH_PATHS = (../ppsspp/ext/glslang,../ppsspp/ext/glew,../ppsspp,"../ppsspp/ext/SPIRV-Cross-build/../SPIRV-Cross","$(inherited)");
				INSTALL_PATH = "";
				LIBRARY_STYLE = STATIC;
				ONLY_ACTIVE_ARCH = NO;
				OTHER_CPLUSPLUSFLAGS = "                -mios-version-min=11.0                -mios-version-min=11.0        -DNDEBUG        -D_NDEBUG -fPIC -fno-strict-aliasing -fno-exceptions '-std=gnu++17'   -U__STRICT_ANSI__ -U__STRICT_ANSI__ -Wno-nullability-completeness -Wno-tautological-pointer-compare -Wno-deprecated-register -Wformat -Wno-multichar";
				OTHER_LIBTOOLFLAGS = ("");
				OTHER_REZFLAGS = "";
				PRODUCT_NAME = "spirv-cross-glsl";
				SECTORDER_FLAGS = "";
				
				USE_HEADERMAP = NO;
				WARNING_CFLAGS = ("$(inherited)");
			};
			name = RelWithDebInfo;
		};
		500783AC37E44DFA9D6BAFEF /* Debug */ = {
			isa = XCBuildConfiguration;
			buildSettings = {
				COMBINE_HIDPI_IMAGES = YES;
				GCC_GENERATE_DEBUGGING_SYMBOLS = YES;
				GCC_INLINES_ARE_PRIVATE_EXTERN = NO;
				GCC_OPTIMIZATION_LEVEL = 0;
				GCC_PREPROCESSOR_DEFINITIONS = ("'CMAKE_INTDIR=\"$(CONFIGURATION)$(EFFECTIVE_PLATFORM_NAME)\"'","$(inherited)");
				GCC_SYMBOLS_PRIVATE_EXTERN = NO;
				INSTALL_PATH = "";
				OTHER_LDFLAGS = ("","$(inherited)");
				OTHER_REZFLAGS = "";
				PRODUCT_NAME = ZERO_CHECK;
				SECTORDER_FLAGS = "";
				USE_HEADERMAP = NO;
				WARNING_CFLAGS = ("$(inherited)");
			};
			name = Debug;
		};
		614E200FB30241E4A5670E69 /* Debug */ = {
			isa = XCBuildConfiguration;
			buildSettings = {
				ARCHS = arm64;
				CLANG_CXX_LIBRARY = "libc++";
				COMBINE_HIDPI_IMAGES = YES;
				
				EXECUTABLE_PREFIX = lib;
				EXECUTABLE_SUFFIX = .a;
				GCC_GENERATE_DEBUGGING_SYMBOLS = YES;
				GCC_INLINES_ARE_PRIVATE_EXTERN = NO;
				GCC_OPTIMIZATION_LEVEL = 0;
				GCC_PREPROCESSOR_DEFINITIONS = ("'CMAKE_INTDIR=\"$(CONFIGURATION)$(EFFECTIVE_PLATFORM_NAME)\"'",SPIRV_CROSS_EXCEPTIONS_TO_ASSERTIONS,__STDC_LIMIT_MACROS,"'GL_ETC1_RGB8_OES=0'",__STDC_CONSTANT_MACROS,"'ASSETS_DIR=\"/usr/local/share/ppsspp/assets/\"'",__LIBRETRO__,GLEW_NO_GLU,USING_GLES2,MOBILE_DEVICE,"'PNG_ARM_NEON_OPT=0'","$(inherited)");
				GCC_SYMBOLS_PRIVATE_EXTERN = NO;
				HEADER_SEARCH_PATHS = (../ppsspp/ext/glslang,../ppsspp/ext/glew,../ppsspp,"../ppsspp/ext/SPIRV-Cross-build/../SPIRV-Cross","$(inherited)");
				INSTALL_PATH = "";
				LIBRARY_STYLE = STATIC;
				ONLY_ACTIVE_ARCH = NO;
				OTHER_CPLUSPLUSFLAGS = "                -mios-version-min=11.0                -mios-version-min=11.0       -D_DEBUG -fPIC -fno-strict-aliasing -fno-exceptions '-std=gnu++17'   -U__STRICT_ANSI__ -U__STRICT_ANSI__ -Wno-nullability-completeness -Wno-tautological-pointer-compare -Wno-deprecated-register -Wformat -Wno-multichar";
				OTHER_LIBTOOLFLAGS = ("");
				OTHER_REZFLAGS = "";
				PRODUCT_NAME = "spirv-cross-cpp";
				SECTORDER_FLAGS = "";
				
				USE_HEADERMAP = NO;
				WARNING_CFLAGS = ("$(inherited)");
			};
			name = Debug;
		};
		690B9CD923EE49BFA289F0B6 /* Release */ = {
			isa = XCBuildConfiguration;
			buildSettings = {
				COMBINE_HIDPI_IMAGES = YES;
				GCC_GENERATE_DEBUGGING_SYMBOLS = YES;
				GCC_INLINES_ARE_PRIVATE_EXTERN = NO;
				GCC_OPTIMIZATION_LEVEL = 0;
				GCC_PREPROCESSOR_DEFINITIONS = ("'CMAKE_INTDIR=\"$(CONFIGURATION)$(EFFECTIVE_PLATFORM_NAME)\"'","$(inherited)");
				GCC_SYMBOLS_PRIVATE_EXTERN = NO;
				INSTALL_PATH = "";
				OTHER_LDFLAGS = ("","$(inherited)");
				OTHER_REZFLAGS = "";
				PRODUCT_NAME = install;
				SECTORDER_FLAGS = "";
				USE_HEADERMAP = NO;
				WARNING_CFLAGS = ("$(inherited)");
			};
			name = Release;
		};
		6F7913A68224459C99F7403B /* Release */ = {
			isa = XCBuildConfiguration;
			buildSettings = {
				ARCHS = arm64;
				CLANG_CXX_LIBRARY = "libc++";
				CODE_SIGNING_REQUIRED = NO;
				CODE_SIGN_IDENTITY = "";
				IPHONEOS_DEPLOYMENT_TARGET = 11.0;
				SDKROOT = /Applications/Xcode.app/Contents/Developer/Platforms/iPhoneOS.platform/Developer/SDKs/iPhoneOS.sdk;
				BUILD_DIR = ../lib;
				TARGETED_DEVICE_FAMILY = "1,2,3,4,6";
			};
			name = Release;
		};
		74DF63671DA24D7C93FE46C3 /* Release */ = {
			isa = XCBuildConfiguration;
			buildSettings = {
				ARCHS = arm64;
				CLANG_CXX_LIBRARY = "libc++";
				COMBINE_HIDPI_IMAGES = YES;
				
				EXECUTABLE_PREFIX = lib;
				EXECUTABLE_SUFFIX = .a;
				GCC_GENERATE_DEBUGGING_SYMBOLS = NO;
				GCC_INLINES_ARE_PRIVATE_EXTERN = NO;
				GCC_OPTIMIZATION_LEVEL = 2;
				GCC_PREPROCESSOR_DEFINITIONS = ("'CMAKE_INTDIR=\"$(CONFIGURATION)$(EFFECTIVE_PLATFORM_NAME)\"'",SPIRV_CROSS_EXCEPTIONS_TO_ASSERTIONS,__STDC_LIMIT_MACROS,"'GL_ETC1_RGB8_OES=0'",__STDC_CONSTANT_MACROS,"'ASSETS_DIR=\"/usr/local/share/ppsspp/assets/\"'",__LIBRETRO__,GLEW_NO_GLU,USING_GLES2,MOBILE_DEVICE,"'PNG_ARM_NEON_OPT=0'","$(inherited)");
				GCC_SYMBOLS_PRIVATE_EXTERN = NO;
				HEADER_SEARCH_PATHS = (../ppsspp/ext/glslang,../ppsspp/ext/glew,../ppsspp,"../ppsspp/ext/SPIRV-Cross-build/../SPIRV-Cross","$(inherited)");
				INSTALL_PATH = "";
				LIBRARY_STYLE = STATIC;
				ONLY_ACTIVE_ARCH = NO;
				OTHER_CPLUSPLUSFLAGS = "                -mios-version-min=11.0                -mios-version-min=11.0     -DNDEBUG     -D_NDEBUG -fPIC -fno-strict-aliasing -fno-exceptions '-std=gnu++17'   -U__STRICT_ANSI__ -U__STRICT_ANSI__ -Wno-nullability-completeness -Wno-tautological-pointer-compare -Wno-deprecated-register -Wformat -Wno-multichar";
				OTHER_LIBTOOLFLAGS = ("");
				OTHER_REZFLAGS = "";
				PRODUCT_NAME = "spirv-cross-glsl";
				SECTORDER_FLAGS = "";
				
				USE_HEADERMAP = NO;
				WARNING_CFLAGS = ("$(inherited)");
			};
			name = Release;
		};
		78F00B55DCD7496E9C5E0BA4 /* Release */ = {
			isa = XCBuildConfiguration;
			buildSettings = {
				COMBINE_HIDPI_IMAGES = YES;
				GCC_GENERATE_DEBUGGING_SYMBOLS = YES;
				GCC_INLINES_ARE_PRIVATE_EXTERN = NO;
				GCC_OPTIMIZATION_LEVEL = 0;
				GCC_PREPROCESSOR_DEFINITIONS = ("'CMAKE_INTDIR=\"$(CONFIGURATION)$(EFFECTIVE_PLATFORM_NAME)\"'","$(inherited)");
				GCC_SYMBOLS_PRIVATE_EXTERN = NO;
				INSTALL_PATH = "";
				OTHER_LDFLAGS = ("","$(inherited)");
				OTHER_REZFLAGS = "";
				PRODUCT_NAME = ALL_BUILD;
				SECTORDER_FLAGS = "";
				USE_HEADERMAP = NO;
				WARNING_CFLAGS = ("$(inherited)");
			};
			name = Release;
		};
		81533D383DCC402D830C207F /* Debug */ = {
			isa = XCBuildConfiguration;
			buildSettings = {
				ARCHS = arm64;
				CLANG_CXX_LIBRARY = "libc++";
				COMBINE_HIDPI_IMAGES = YES;
				
				EXECUTABLE_PREFIX = lib;
				EXECUTABLE_SUFFIX = .a;
				GCC_GENERATE_DEBUGGING_SYMBOLS = YES;
				GCC_INLINES_ARE_PRIVATE_EXTERN = NO;
				GCC_OPTIMIZATION_LEVEL = 0;
				GCC_PREPROCESSOR_DEFINITIONS = ("'CMAKE_INTDIR=\"$(CONFIGURATION)$(EFFECTIVE_PLATFORM_NAME)\"'",SPIRV_CROSS_EXCEPTIONS_TO_ASSERTIONS,__STDC_LIMIT_MACROS,"'GL_ETC1_RGB8_OES=0'",__STDC_CONSTANT_MACROS,"'ASSETS_DIR=\"/usr/local/share/ppsspp/assets/\"'",__LIBRETRO__,GLEW_NO_GLU,USING_GLES2,MOBILE_DEVICE,"'PNG_ARM_NEON_OPT=0'","$(inherited)");
				GCC_SYMBOLS_PRIVATE_EXTERN = NO;
				HEADER_SEARCH_PATHS = (../ppsspp/ext/glslang,../ppsspp/ext/glew,../ppsspp,"../ppsspp/ext/SPIRV-Cross-build/../SPIRV-Cross","$(inherited)");
				INSTALL_PATH = "";
				LIBRARY_STYLE = STATIC;
				ONLY_ACTIVE_ARCH = NO;
				OTHER_CPLUSPLUSFLAGS = "                -mios-version-min=11.0                -mios-version-min=11.0       -D_DEBUG -fPIC -fno-strict-aliasing -fno-exceptions '-std=gnu++17'   -U__STRICT_ANSI__ -U__STRICT_ANSI__ -Wno-nullability-completeness -Wno-tautological-pointer-compare -Wno-deprecated-register -Wformat -Wno-multichar";
				OTHER_LIBTOOLFLAGS = ("");
				OTHER_REZFLAGS = "";
				PRODUCT_NAME = "spirv-cross-glsl";
				SECTORDER_FLAGS = "";
				
				USE_HEADERMAP = NO;
				WARNING_CFLAGS = ("$(inherited)");
			};
			name = Debug;
		};
		825F00B086664A30AFED855D /* Release */ = {
			isa = XCBuildConfiguration;
			buildSettings = {
				ARCHS = arm64;
				CLANG_CXX_LIBRARY = "libc++";
				COMBINE_HIDPI_IMAGES = YES;
				
				EXECUTABLE_PREFIX = lib;
				EXECUTABLE_SUFFIX = .a;
				GCC_GENERATE_DEBUGGING_SYMBOLS = NO;
				GCC_INLINES_ARE_PRIVATE_EXTERN = NO;
				GCC_OPTIMIZATION_LEVEL = 2;
				GCC_PREPROCESSOR_DEFINITIONS = ("'CMAKE_INTDIR=\"$(CONFIGURATION)$(EFFECTIVE_PLATFORM_NAME)\"'",SPIRV_CROSS_EXCEPTIONS_TO_ASSERTIONS,__STDC_LIMIT_MACROS,"'GL_ETC1_RGB8_OES=0'",__STDC_CONSTANT_MACROS,"'ASSETS_DIR=\"/usr/local/share/ppsspp/assets/\"'",__LIBRETRO__,GLEW_NO_GLU,USING_GLES2,MOBILE_DEVICE,"'PNG_ARM_NEON_OPT=0'","$(inherited)");
				GCC_SYMBOLS_PRIVATE_EXTERN = NO;
				HEADER_SEARCH_PATHS = (../ppsspp/ext/glslang,../ppsspp/ext/glew,../ppsspp,"../ppsspp/ext/SPIRV-Cross-build/../SPIRV-Cross","$(inherited)");
				INSTALL_PATH = "";
				LIBRARY_STYLE = STATIC;
				ONLY_ACTIVE_ARCH = NO;
				OTHER_CPLUSPLUSFLAGS = "                -mios-version-min=11.0                -mios-version-min=11.0     -DNDEBUG     -D_NDEBUG -fPIC -fno-strict-aliasing -fno-exceptions '-std=gnu++17'   -U__STRICT_ANSI__ -U__STRICT_ANSI__ -Wno-nullability-completeness -Wno-tautological-pointer-compare -Wno-deprecated-register -Wformat -Wno-multichar";
				OTHER_LIBTOOLFLAGS = ("");
				OTHER_REZFLAGS = "";
				PRODUCT_NAME = "spirv-cross-msl";
				SECTORDER_FLAGS = "";
				
				USE_HEADERMAP = NO;
				WARNING_CFLAGS = ("$(inherited)");
			};
			name = Release;
		};
		92031BADF38B43908AB07367 /* Debug */ = {
			isa = XCBuildConfiguration;
			buildSettings = {
				COMBINE_HIDPI_IMAGES = YES;
				GCC_GENERATE_DEBUGGING_SYMBOLS = YES;
				GCC_INLINES_ARE_PRIVATE_EXTERN = NO;
				GCC_OPTIMIZATION_LEVEL = 0;
				GCC_PREPROCESSOR_DEFINITIONS = ("'CMAKE_INTDIR=\"$(CONFIGURATION)$(EFFECTIVE_PLATFORM_NAME)\"'","$(inherited)");
				GCC_SYMBOLS_PRIVATE_EXTERN = NO;
				INSTALL_PATH = "";
				OTHER_LDFLAGS = ("","$(inherited)");
				OTHER_REZFLAGS = "";
				PRODUCT_NAME = ALL_BUILD;
				SECTORDER_FLAGS = "";
				USE_HEADERMAP = NO;
				WARNING_CFLAGS = ("$(inherited)");
			};
			name = Debug;
		};
		9C42C653605F4C168A018E40 /* RelWithDebInfo */ = {
			isa = XCBuildConfiguration;
			buildSettings = {
				ARCHS = arm64;
				CLANG_CXX_LIBRARY = "libc++";
				COMBINE_HIDPI_IMAGES = YES;
				
				EXECUTABLE_PREFIX = lib;
				EXECUTABLE_SUFFIX = .a;
				GCC_GENERATE_DEBUGGING_SYMBOLS = YES;
				GCC_INLINES_ARE_PRIVATE_EXTERN = NO;
				GCC_OPTIMIZATION_LEVEL = 2;
				GCC_PREPROCESSOR_DEFINITIONS = ("'CMAKE_INTDIR=\"$(CONFIGURATION)$(EFFECTIVE_PLATFORM_NAME)\"'",SPIRV_CROSS_EXCEPTIONS_TO_ASSERTIONS,__STDC_LIMIT_MACROS,"'GL_ETC1_RGB8_OES=0'",__STDC_CONSTANT_MACROS,"'ASSETS_DIR=\"/usr/local/share/ppsspp/assets/\"'",__LIBRETRO__,GLEW_NO_GLU,USING_GLES2,MOBILE_DEVICE,"'PNG_ARM_NEON_OPT=0'","$(inherited)");
				GCC_SYMBOLS_PRIVATE_EXTERN = NO;
				HEADER_SEARCH_PATHS = (../ppsspp/ext/glslang,../ppsspp/ext/glew,../ppsspp,"../ppsspp/ext/SPIRV-Cross-build/../SPIRV-Cross","$(inherited)");
				INSTALL_PATH = "";
				LIBRARY_STYLE = STATIC;
				ONLY_ACTIVE_ARCH = NO;
				OTHER_CPLUSPLUSFLAGS = "                -mios-version-min=11.0                -mios-version-min=11.0        -DNDEBUG        -D_NDEBUG -fPIC -fno-strict-aliasing -fno-exceptions '-std=gnu++17'   -U__STRICT_ANSI__ -U__STRICT_ANSI__ -Wno-nullability-completeness -Wno-tautological-pointer-compare -Wno-deprecated-register -Wformat -Wno-multichar";
				OTHER_LIBTOOLFLAGS = ("");
				OTHER_REZFLAGS = "";
				PRODUCT_NAME = "spirv-cross-msl";
				SECTORDER_FLAGS = "";
				
				USE_HEADERMAP = NO;
				WARNING_CFLAGS = ("$(inherited)");
			};
			name = RelWithDebInfo;
		};
		A238B745EE1E47AD964A2846 /* RelWithDebInfo */ = {
			isa = XCBuildConfiguration;
			buildSettings = {
				COMBINE_HIDPI_IMAGES = YES;
				GCC_GENERATE_DEBUGGING_SYMBOLS = YES;
				GCC_INLINES_ARE_PRIVATE_EXTERN = NO;
				GCC_OPTIMIZATION_LEVEL = 0;
				GCC_PREPROCESSOR_DEFINITIONS = ("'CMAKE_INTDIR=\"$(CONFIGURATION)$(EFFECTIVE_PLATFORM_NAME)\"'","$(inherited)");
				GCC_SYMBOLS_PRIVATE_EXTERN = NO;
				INSTALL_PATH = "";
				OTHER_LDFLAGS = ("","$(inherited)");
				OTHER_REZFLAGS = "";
				PRODUCT_NAME = RUN_TESTS;
				SECTORDER_FLAGS = "";
				USE_HEADERMAP = NO;
				WARNING_CFLAGS = ("$(inherited)");
			};
			name = RelWithDebInfo;
		};
		A8E186D0EBF9426B8773BB74 /* Debug */ = {
			isa = XCBuildConfiguration;
			buildSettings = {
				ARCHS = arm64;
				CLANG_CXX_LIBRARY = "libc++";
				COMBINE_HIDPI_IMAGES = YES;
				
				EXECUTABLE_PREFIX = lib;
				EXECUTABLE_SUFFIX = .a;
				GCC_GENERATE_DEBUGGING_SYMBOLS = YES;
				GCC_INLINES_ARE_PRIVATE_EXTERN = NO;
				GCC_OPTIMIZATION_LEVEL = 0;
				GCC_PREPROCESSOR_DEFINITIONS = ("'CMAKE_INTDIR=\"$(CONFIGURATION)$(EFFECTIVE_PLATFORM_NAME)\"'",SPIRV_CROSS_EXCEPTIONS_TO_ASSERTIONS,__STDC_LIMIT_MACROS,"'GL_ETC1_RGB8_OES=0'",__STDC_CONSTANT_MACROS,"'ASSETS_DIR=\"/usr/local/share/ppsspp/assets/\"'",__LIBRETRO__,GLEW_NO_GLU,USING_GLES2,MOBILE_DEVICE,"'PNG_ARM_NEON_OPT=0'","$(inherited)");
				GCC_SYMBOLS_PRIVATE_EXTERN = NO;
				HEADER_SEARCH_PATHS = (../ppsspp/ext/glslang,../ppsspp/ext/glew,../ppsspp,"../ppsspp/ext/SPIRV-Cross-build/../SPIRV-Cross","$(inherited)");
				INSTALL_PATH = "";
				LIBRARY_STYLE = STATIC;
				ONLY_ACTIVE_ARCH = NO;
				OTHER_CPLUSPLUSFLAGS = "                -mios-version-min=11.0                -mios-version-min=11.0       -D_DEBUG -fPIC -fno-strict-aliasing -fno-exceptions '-std=gnu++17'   -U__STRICT_ANSI__ -U__STRICT_ANSI__ -Wno-nullability-completeness -Wno-tautological-pointer-compare -Wno-deprecated-register -Wformat -Wno-multichar";
				OTHER_LIBTOOLFLAGS = ("");
				OTHER_REZFLAGS = "";
				PRODUCT_NAME = "spirv-cross-hlsl";
				SECTORDER_FLAGS = "";
				
				USE_HEADERMAP = NO;
				WARNING_CFLAGS = ("$(inherited)");
			};
			name = Debug;
		};
		B792670CA6774CAF81DCD915 /* RelWithDebInfo */ = {
			isa = XCBuildConfiguration;
			buildSettings = {
				ARCHS = arm64;
				CLANG_CXX_LIBRARY = "libc++";
				CODE_SIGNING_REQUIRED = NO;
				CODE_SIGN_IDENTITY = "";
				IPHONEOS_DEPLOYMENT_TARGET = 11.0;
				SDKROOT = /Applications/Xcode.app/Contents/Developer/Platforms/iPhoneOS.platform/Developer/SDKs/iPhoneOS.sdk;
				BUILD_DIR = ../lib;
				TARGETED_DEVICE_FAMILY = "1,2,3,4,6";
			};
			name = RelWithDebInfo;
		};
		BBB16256DFE04F50BE48F416 /* MinSizeRel */ = {
			isa = XCBuildConfiguration;
			buildSettings = {
				COMBINE_HIDPI_IMAGES = YES;
				GCC_GENERATE_DEBUGGING_SYMBOLS = YES;
				GCC_INLINES_ARE_PRIVATE_EXTERN = NO;
				GCC_OPTIMIZATION_LEVEL = 0;
				GCC_PREPROCESSOR_DEFINITIONS = ("'CMAKE_INTDIR=\"$(CONFIGURATION)$(EFFECTIVE_PLATFORM_NAME)\"'","$(inherited)");
				GCC_SYMBOLS_PRIVATE_EXTERN = NO;
				INSTALL_PATH = "";
				OTHER_LDFLAGS = ("","$(inherited)");
				OTHER_REZFLAGS = "";
				PRODUCT_NAME = RUN_TESTS;
				SECTORDER_FLAGS = "";
				USE_HEADERMAP = NO;
				WARNING_CFLAGS = ("$(inherited)");
			};
			name = MinSizeRel;
		};
		C2FDD87958EA42A3BA094755 /* Release */ = {
			isa = XCBuildConfiguration;
			buildSettings = {
				ARCHS = arm64;
				CLANG_CXX_LIBRARY = "libc++";
				COMBINE_HIDPI_IMAGES = YES;
				
				EXECUTABLE_PREFIX = lib;
				EXECUTABLE_SUFFIX = .a;
				GCC_GENERATE_DEBUGGING_SYMBOLS = NO;
				GCC_INLINES_ARE_PRIVATE_EXTERN = NO;
				GCC_OPTIMIZATION_LEVEL = 2;
				GCC_PREPROCESSOR_DEFINITIONS = ("'CMAKE_INTDIR=\"$(CONFIGURATION)$(EFFECTIVE_PLATFORM_NAME)\"'",SPIRV_CROSS_EXCEPTIONS_TO_ASSERTIONS,__STDC_LIMIT_MACROS,"'GL_ETC1_RGB8_OES=0'",__STDC_CONSTANT_MACROS,"'ASSETS_DIR=\"/usr/local/share/ppsspp/assets/\"'",__LIBRETRO__,GLEW_NO_GLU,USING_GLES2,MOBILE_DEVICE,"'PNG_ARM_NEON_OPT=0'","$(inherited)");
				GCC_SYMBOLS_PRIVATE_EXTERN = NO;
				HEADER_SEARCH_PATHS = (../ppsspp/ext/glslang,../ppsspp/ext/glew,../ppsspp,"../ppsspp/ext/SPIRV-Cross-build/../SPIRV-Cross","$(inherited)");
				INSTALL_PATH = "";
				LIBRARY_STYLE = STATIC;
				ONLY_ACTIVE_ARCH = NO;
				OTHER_CPLUSPLUSFLAGS = "                -mios-version-min=11.0                -mios-version-min=11.0     -DNDEBUG     -D_NDEBUG -fPIC -fno-strict-aliasing -fno-exceptions '-std=gnu++17'   -U__STRICT_ANSI__ -U__STRICT_ANSI__ -Wno-nullability-completeness -Wno-tautological-pointer-compare -Wno-deprecated-register -Wformat -Wno-multichar";
				OTHER_LIBTOOLFLAGS = ("");
				OTHER_REZFLAGS = "";
				PRODUCT_NAME = "spirv-cross-core";
				SECTORDER_FLAGS = "";
				
				USE_HEADERMAP = NO;
				WARNING_CFLAGS = ("$(inherited)");
			};
			name = Release;
		};
		C586569754824F0188FBAF1A /* Release */ = {
			isa = XCBuildConfiguration;
			buildSettings = {
				ARCHS = arm64;
				CLANG_CXX_LIBRARY = "libc++";
				COMBINE_HIDPI_IMAGES = YES;
				
				EXECUTABLE_PREFIX = lib;
				EXECUTABLE_SUFFIX = .a;
				GCC_GENERATE_DEBUGGING_SYMBOLS = NO;
				GCC_INLINES_ARE_PRIVATE_EXTERN = NO;
				GCC_OPTIMIZATION_LEVEL = 2;
				GCC_PREPROCESSOR_DEFINITIONS = ("'CMAKE_INTDIR=\"$(CONFIGURATION)$(EFFECTIVE_PLATFORM_NAME)\"'",SPIRV_CROSS_EXCEPTIONS_TO_ASSERTIONS,__STDC_LIMIT_MACROS,"'GL_ETC1_RGB8_OES=0'",__STDC_CONSTANT_MACROS,"'ASSETS_DIR=\"/usr/local/share/ppsspp/assets/\"'",__LIBRETRO__,GLEW_NO_GLU,USING_GLES2,MOBILE_DEVICE,"'PNG_ARM_NEON_OPT=0'","$(inherited)");
				GCC_SYMBOLS_PRIVATE_EXTERN = NO;
				HEADER_SEARCH_PATHS = (../ppsspp/ext/glslang,../ppsspp/ext/glew,../ppsspp,"../ppsspp/ext/SPIRV-Cross-build/../SPIRV-Cross","$(inherited)");
				INSTALL_PATH = "";
				LIBRARY_STYLE = STATIC;
				ONLY_ACTIVE_ARCH = NO;
				OTHER_CPLUSPLUSFLAGS = "                -mios-version-min=11.0                -mios-version-min=11.0     -DNDEBUG     -D_NDEBUG -fPIC -fno-strict-aliasing -fno-exceptions '-std=gnu++17'   -U__STRICT_ANSI__ -U__STRICT_ANSI__ -Wno-nullability-completeness -Wno-tautological-pointer-compare -Wno-deprecated-register -Wformat -Wno-multichar";
				OTHER_LIBTOOLFLAGS = ("");
				OTHER_REZFLAGS = "";
				PRODUCT_NAME = "spirv-cross-hlsl";
				SECTORDER_FLAGS = "";
				
				USE_HEADERMAP = NO;
				WARNING_CFLAGS = ("$(inherited)");
			};
			name = Release;
		};
		D3F378A640494E5C97FBBC19 /* RelWithDebInfo */ = {
			isa = XCBuildConfiguration;
			buildSettings = {
				ARCHS = arm64;
				CLANG_CXX_LIBRARY = "libc++";
				COMBINE_HIDPI_IMAGES = YES;
				
				EXECUTABLE_PREFIX = lib;
				EXECUTABLE_SUFFIX = .a;
				GCC_GENERATE_DEBUGGING_SYMBOLS = YES;
				GCC_INLINES_ARE_PRIVATE_EXTERN = NO;
				GCC_OPTIMIZATION_LEVEL = 2;
				GCC_PREPROCESSOR_DEFINITIONS = ("'CMAKE_INTDIR=\"$(CONFIGURATION)$(EFFECTIVE_PLATFORM_NAME)\"'",SPIRV_CROSS_EXCEPTIONS_TO_ASSERTIONS,__STDC_LIMIT_MACROS,"'GL_ETC1_RGB8_OES=0'",__STDC_CONSTANT_MACROS,"'ASSETS_DIR=\"/usr/local/share/ppsspp/assets/\"'",__LIBRETRO__,GLEW_NO_GLU,USING_GLES2,MOBILE_DEVICE,"'PNG_ARM_NEON_OPT=0'","$(inherited)");
				GCC_SYMBOLS_PRIVATE_EXTERN = NO;
				HEADER_SEARCH_PATHS = (../ppsspp/ext/glslang,../ppsspp/ext/glew,../ppsspp,"../ppsspp/ext/SPIRV-Cross-build/../SPIRV-Cross","$(inherited)");
				INSTALL_PATH = "";
				LIBRARY_STYLE = STATIC;
				ONLY_ACTIVE_ARCH = NO;
				OTHER_CPLUSPLUSFLAGS = "                -mios-version-min=11.0                -mios-version-min=11.0        -DNDEBUG        -D_NDEBUG -fPIC -fno-strict-aliasing -fno-exceptions '-std=gnu++17'   -U__STRICT_ANSI__ -U__STRICT_ANSI__ -Wno-nullability-completeness -Wno-tautological-pointer-compare -Wno-deprecated-register -Wformat -Wno-multichar";
				OTHER_LIBTOOLFLAGS = ("");
				OTHER_REZFLAGS = "";
				PRODUCT_NAME = "spirv-cross-cpp";
				SECTORDER_FLAGS = "";
				
				USE_HEADERMAP = NO;
				WARNING_CFLAGS = ("$(inherited)");
			};
			name = RelWithDebInfo;
		};
		D83B6E2967694D1CB36A24FE /* MinSizeRel */ = {
			isa = XCBuildConfiguration;
			buildSettings = {
				ARCHS = arm64;
				CLANG_CXX_LIBRARY = "libc++";
				COMBINE_HIDPI_IMAGES = YES;
				
				EXECUTABLE_PREFIX = lib;
				EXECUTABLE_SUFFIX = .a;
				GCC_GENERATE_DEBUGGING_SYMBOLS = NO;
				GCC_INLINES_ARE_PRIVATE_EXTERN = NO;
				GCC_OPTIMIZATION_LEVEL = s;
				GCC_PREPROCESSOR_DEFINITIONS = ("'CMAKE_INTDIR=\"$(CONFIGURATION)$(EFFECTIVE_PLATFORM_NAME)\"'",SPIRV_CROSS_EXCEPTIONS_TO_ASSERTIONS,__STDC_LIMIT_MACROS,"'GL_ETC1_RGB8_OES=0'",__STDC_CONSTANT_MACROS,"'ASSETS_DIR=\"/usr/local/share/ppsspp/assets/\"'",__LIBRETRO__,GLEW_NO_GLU,USING_GLES2,MOBILE_DEVICE,"'PNG_ARM_NEON_OPT=0'","$(inherited)");
				GCC_SYMBOLS_PRIVATE_EXTERN = NO;
				HEADER_SEARCH_PATHS = (../ppsspp/ext/glslang,../ppsspp/ext/glew,../ppsspp,"../ppsspp/ext/SPIRV-Cross-build/../SPIRV-Cross","$(inherited)");
				INSTALL_PATH = "";
				LIBRARY_STYLE = STATIC;
				ONLY_ACTIVE_ARCH = NO;
				OTHER_CPLUSPLUSFLAGS = "                -mios-version-min=11.0                -mios-version-min=11.0     -DNDEBUG     -D_NDEBUG -fPIC -fno-strict-aliasing -fno-exceptions '-std=gnu++17'   -U__STRICT_ANSI__ -U__STRICT_ANSI__ -Wno-nullability-completeness -Wno-tautological-pointer-compare -Wno-deprecated-register -Wformat -Wno-multichar";
				OTHER_LIBTOOLFLAGS = ("");
				OTHER_REZFLAGS = "";
				PRODUCT_NAME = "spirv-cross-cpp";
				SECTORDER_FLAGS = "";
				
				USE_HEADERMAP = NO;
				WARNING_CFLAGS = ("$(inherited)");
			};
			name = MinSizeRel;
		};
		D90E8A2A92034FC0B2A152D9 /* RelWithDebInfo */ = {
			isa = XCBuildConfiguration;
			buildSettings = {
				COMBINE_HIDPI_IMAGES = YES;
				GCC_GENERATE_DEBUGGING_SYMBOLS = YES;
				GCC_INLINES_ARE_PRIVATE_EXTERN = NO;
				GCC_OPTIMIZATION_LEVEL = 0;
				GCC_PREPROCESSOR_DEFINITIONS = ("'CMAKE_INTDIR=\"$(CONFIGURATION)$(EFFECTIVE_PLATFORM_NAME)\"'","$(inherited)");
				GCC_SYMBOLS_PRIVATE_EXTERN = NO;
				INSTALL_PATH = "";
				OTHER_LDFLAGS = ("","$(inherited)");
				OTHER_REZFLAGS = "";
				PRODUCT_NAME = ALL_BUILD;
				SECTORDER_FLAGS = "";
				USE_HEADERMAP = NO;
				WARNING_CFLAGS = ("$(inherited)");
			};
			name = RelWithDebInfo;
		};
		E0B110E17CBE4D5EAD798B9C /* MinSizeRel */ = {
			isa = XCBuildConfiguration;
			buildSettings = {
				COMBINE_HIDPI_IMAGES = YES;
				GCC_GENERATE_DEBUGGING_SYMBOLS = YES;
				GCC_INLINES_ARE_PRIVATE_EXTERN = NO;
				GCC_OPTIMIZATION_LEVEL = 0;
				GCC_PREPROCESSOR_DEFINITIONS = ("'CMAKE_INTDIR=\"$(CONFIGURATION)$(EFFECTIVE_PLATFORM_NAME)\"'","$(inherited)");
				GCC_SYMBOLS_PRIVATE_EXTERN = NO;
				INSTALL_PATH = "";
				OTHER_LDFLAGS = ("","$(inherited)");
				OTHER_REZFLAGS = "";
				PRODUCT_NAME = install;
				SECTORDER_FLAGS = "";
				USE_HEADERMAP = NO;
				WARNING_CFLAGS = ("$(inherited)");
			};
			name = MinSizeRel;
		};
		E24D28252A734EADB86185F5 /* MinSizeRel */ = {
			isa = XCBuildConfiguration;
			buildSettings = {
				ARCHS = arm64;
				CLANG_CXX_LIBRARY = "libc++";
				CODE_SIGNING_REQUIRED = NO;
				CODE_SIGN_IDENTITY = "";
				IPHONEOS_DEPLOYMENT_TARGET = 11.0;
				SDKROOT = /Applications/Xcode.app/Contents/Developer/Platforms/iPhoneOS.platform/Developer/SDKs/iPhoneOS.sdk;
				BUILD_DIR = ../lib;
				TARGETED_DEVICE_FAMILY = "1,2,3,4,6";
			};
			name = MinSizeRel;
		};
		E41182C7CAF04FC3A2307C69 /* MinSizeRel */ = {
			isa = XCBuildConfiguration;
			buildSettings = {
				COMBINE_HIDPI_IMAGES = YES;
				GCC_GENERATE_DEBUGGING_SYMBOLS = YES;
				GCC_INLINES_ARE_PRIVATE_EXTERN = NO;
				GCC_OPTIMIZATION_LEVEL = 0;
				GCC_PREPROCESSOR_DEFINITIONS = ("'CMAKE_INTDIR=\"$(CONFIGURATION)$(EFFECTIVE_PLATFORM_NAME)\"'","$(inherited)");
				GCC_SYMBOLS_PRIVATE_EXTERN = NO;
				INSTALL_PATH = "";
				OTHER_LDFLAGS = ("","$(inherited)");
				OTHER_REZFLAGS = "";
				PRODUCT_NAME = ALL_BUILD;
				SECTORDER_FLAGS = "";
				USE_HEADERMAP = NO;
				WARNING_CFLAGS = ("$(inherited)");
			};
			name = MinSizeRel;
		};
		E658B751B44147DAA59C2597 /* RelWithDebInfo */ = {
			isa = XCBuildConfiguration;
			buildSettings = {
				COMBINE_HIDPI_IMAGES = YES;
				GCC_GENERATE_DEBUGGING_SYMBOLS = YES;
				GCC_INLINES_ARE_PRIVATE_EXTERN = NO;
				GCC_OPTIMIZATION_LEVEL = 0;
				GCC_PREPROCESSOR_DEFINITIONS = ("'CMAKE_INTDIR=\"$(CONFIGURATION)$(EFFECTIVE_PLATFORM_NAME)\"'","$(inherited)");
				GCC_SYMBOLS_PRIVATE_EXTERN = NO;
				INSTALL_PATH = "";
				OTHER_LDFLAGS = ("","$(inherited)");
				OTHER_REZFLAGS = "";
				PRODUCT_NAME = ZERO_CHECK;
				SECTORDER_FLAGS = "";
				USE_HEADERMAP = NO;
				WARNING_CFLAGS = ("$(inherited)");
			};
			name = RelWithDebInfo;
		};
		EC4F0E3763E640C3834688A2 /* Release */ = {
			isa = XCBuildConfiguration;
			buildSettings = {
				ARCHS = arm64;
				CLANG_CXX_LIBRARY = "libc++";
				COMBINE_HIDPI_IMAGES = YES;
				
				EXECUTABLE_PREFIX = lib;
				EXECUTABLE_SUFFIX = .a;
				GCC_GENERATE_DEBUGGING_SYMBOLS = NO;
				GCC_INLINES_ARE_PRIVATE_EXTERN = NO;
				GCC_OPTIMIZATION_LEVEL = 2;
				GCC_PREPROCESSOR_DEFINITIONS = ("'CMAKE_INTDIR=\"$(CONFIGURATION)$(EFFECTIVE_PLATFORM_NAME)\"'",SPIRV_CROSS_EXCEPTIONS_TO_ASSERTIONS,__STDC_LIMIT_MACROS,"'GL_ETC1_RGB8_OES=0'",__STDC_CONSTANT_MACROS,"'ASSETS_DIR=\"/usr/local/share/ppsspp/assets/\"'",__LIBRETRO__,GLEW_NO_GLU,USING_GLES2,MOBILE_DEVICE,"'PNG_ARM_NEON_OPT=0'","$(inherited)");
				GCC_SYMBOLS_PRIVATE_EXTERN = NO;
				HEADER_SEARCH_PATHS = (../ppsspp/ext/glslang,../ppsspp/ext/glew,../ppsspp,"../ppsspp/ext/SPIRV-Cross-build/../SPIRV-Cross","$(inherited)");
				INSTALL_PATH = "";
				LIBRARY_STYLE = STATIC;
				ONLY_ACTIVE_ARCH = NO;
				OTHER_CPLUSPLUSFLAGS = "                -mios-version-min=11.0                -mios-version-min=11.0     -DNDEBUG     -D_NDEBUG -fPIC -fno-strict-aliasing -fno-exceptions '-std=gnu++17'   -U__STRICT_ANSI__ -U__STRICT_ANSI__ -Wno-nullability-completeness -Wno-tautological-pointer-compare -Wno-deprecated-register -Wformat -Wno-multichar";
				OTHER_LIBTOOLFLAGS = ("");
				OTHER_REZFLAGS = "";
				PRODUCT_NAME = "spirv-cross-cpp";
				SECTORDER_FLAGS = "";
				
				USE_HEADERMAP = NO;
				WARNING_CFLAGS = ("$(inherited)");
			};
			name = Release;
		};
		F530EEC4F1344FCEA3305055 /* Release */ = {
			isa = XCBuildConfiguration;
			buildSettings = {
				COMBINE_HIDPI_IMAGES = YES;
				GCC_GENERATE_DEBUGGING_SYMBOLS = YES;
				GCC_INLINES_ARE_PRIVATE_EXTERN = NO;
				GCC_OPTIMIZATION_LEVEL = 0;
				GCC_PREPROCESSOR_DEFINITIONS = ("'CMAKE_INTDIR=\"$(CONFIGURATION)$(EFFECTIVE_PLATFORM_NAME)\"'","$(inherited)");
				GCC_SYMBOLS_PRIVATE_EXTERN = NO;
				INSTALL_PATH = "";
				OTHER_LDFLAGS = ("","$(inherited)");
				OTHER_REZFLAGS = "";
				PRODUCT_NAME = RUN_TESTS;
				SECTORDER_FLAGS = "";
				USE_HEADERMAP = NO;
				WARNING_CFLAGS = ("$(inherited)");
			};
			name = Release;
		};
/* End XCBuildConfiguration section */

/* Begin XCConfigurationList section */
		051DACF91D464535ABA58072 /* Build configuration list for PBXNativeTarget "spirv-cross-hlsl" */ = {
			isa = XCConfigurationList;
			buildConfigurations = (
				A8E186D0EBF9426B8773BB74 /* Debug */,
				C586569754824F0188FBAF1A /* Release */,
				456860AACBE94588B8245042 /* MinSizeRel */,
				4519A0D6FF434893A3DC3D26 /* RelWithDebInfo */,
			);
			defaultConfigurationIsVisible = 0;
			defaultConfigurationName = Debug;
		};
		2E427E4EA5B648A6A7C72C7B /* Build configuration list for PBXNativeTarget "spirv-cross-msl" */ = {
			isa = XCConfigurationList;
			buildConfigurations = (
				006087158398440492A0A342 /* Debug */,
				825F00B086664A30AFED855D /* Release */,
				48B5AE4E874B4B4EAA450E99 /* MinSizeRel */,
				9C42C653605F4C168A018E40 /* RelWithDebInfo */,
			);
			defaultConfigurationIsVisible = 0;
			defaultConfigurationName = Debug;
		};
		4037682902F94E9AAFBBA20C /* Build configuration list for PBXAggregateTarget "ZERO_CHECK" */ = {
			isa = XCConfigurationList;
			buildConfigurations = (
				500783AC37E44DFA9D6BAFEF /* Debug */,
				14E4F22E28A04792AAEDF8B5 /* Release */,
				238701A15C2D475B8C6FD57B /* MinSizeRel */,
				E658B751B44147DAA59C2597 /* RelWithDebInfo */,
			);
			defaultConfigurationIsVisible = 0;
			defaultConfigurationName = Debug;
		};
		785AE7CAE57340CBB03A490E /* Build configuration list for PBXNativeTarget "spirv-cross-glsl" */ = {
			isa = XCConfigurationList;
			buildConfigurations = (
				81533D383DCC402D830C207F /* Debug */,
				74DF63671DA24D7C93FE46C3 /* Release */,
				2A3DAEDD5D2141FCAB8C40F8 /* MinSizeRel */,
				4F2DF655CE464154A7F0F307 /* RelWithDebInfo */,
			);
			defaultConfigurationIsVisible = 0;
			defaultConfigurationName = Debug;
		};
		9B23F01F1ABC4378AAC8E8AD /* Build configuration list for PBXAggregateTarget "install" */ = {
			isa = XCConfigurationList;
			buildConfigurations = (
				37E0AE6653BD4DA4872B869E /* Debug */,
				690B9CD923EE49BFA289F0B6 /* Release */,
				E0B110E17CBE4D5EAD798B9C /* MinSizeRel */,
				413ACCE75A794DDD96E0B7C5 /* RelWithDebInfo */,
			);
			defaultConfigurationIsVisible = 0;
			defaultConfigurationName = Debug;
		};
		AEA44FD3308541D39F70EBA0 /* Build configuration list for PBXNativeTarget "spirv-cross-core" */ = {
			isa = XCConfigurationList;
			buildConfigurations = (
				278E8D61E870458F976A73D3 /* Debug */,
				C2FDD87958EA42A3BA094755 /* Release */,
				2849A6BE4DCA470FB211DDB5 /* MinSizeRel */,
				32FC5E11CB014FD29197CF15 /* RelWithDebInfo */,
			);
			defaultConfigurationIsVisible = 0;
			defaultConfigurationName = Debug;
		};
		AEDA412E77B74A5880113192 /* Build configuration list for PBXAggregateTarget "RUN_TESTS" */ = {
			isa = XCConfigurationList;
			buildConfigurations = (
				09C56F4E90874A68BB70D7F1 /* Debug */,
				F530EEC4F1344FCEA3305055 /* Release */,
				BBB16256DFE04F50BE48F416 /* MinSizeRel */,
				A238B745EE1E47AD964A2846 /* RelWithDebInfo */,
			);
			defaultConfigurationIsVisible = 0;
			defaultConfigurationName = Debug;
		};
		B0F92ACCAD5E42E88174BE04 /* Build configuration list for PBXAggregateTarget "ALL_BUILD" */ = {
			isa = XCConfigurationList;
			buildConfigurations = (
				92031BADF38B43908AB07367 /* Debug */,
				78F00B55DCD7496E9C5E0BA4 /* Release */,
				E41182C7CAF04FC3A2307C69 /* MinSizeRel */,
				D90E8A2A92034FC0B2A152D9 /* RelWithDebInfo */,
			);
			defaultConfigurationIsVisible = 0;
			defaultConfigurationName = Debug;
		};
		BBD105C37E9840C8B33BC5EF /* Build configuration list for PBXNativeTarget "spirv-cross-cpp" */ = {
			isa = XCConfigurationList;
			buildConfigurations = (
				614E200FB30241E4A5670E69 /* Debug */,
				EC4F0E3763E640C3834688A2 /* Release */,
				D83B6E2967694D1CB36A24FE /* MinSizeRel */,
				D3F378A640494E5C97FBBC19 /* RelWithDebInfo */,
			);
			defaultConfigurationIsVisible = 0;
			defaultConfigurationName = Debug;
		};
		F4D9EB7390C54BBDB065A25B /* Build configuration list for PBXProject "SPIRV-Cross" */ = {
			isa = XCConfigurationList;
			buildConfigurations = (
				41624F9B6EB24FB5AAC0D590 /* Debug */,
				6F7913A68224459C99F7403B /* Release */,
				E24D28252A734EADB86185F5 /* MinSizeRel */,
				B792670CA6774CAF81DCD915 /* RelWithDebInfo */,
			);
			defaultConfigurationIsVisible = 0;
			defaultConfigurationName = Debug;
		};
/* End XCConfigurationList section */
	};
	rootObject = 3CC728C16D58436E9D2AE11C /* Project object */;
}
